// !$*UTF8*$!
{
	archiveVersion = 1;
	classes = {
	};
	objectVersion = 45;
	objects = {

/* Begin PBXBuildFile section */
		1D3623260D0F684500981E51 /* MapDocAppDelegate.m in Sources */ = {isa = PBXBuildFile; fileRef = 1D3623250D0F684500981E51 /* MapDocAppDelegate.m */; };
		1D60589B0D05DD56006BFB54 /* main.m in Sources */ = {isa = PBXBuildFile; fileRef = 29B97316FDCFA39411CA2CEA /* main.m */; };
		1D60589F0D05DD5A006BFB54 /* Foundation.framework in Frameworks */ = {isa = PBXBuildFile; fileRef = 1D30AB110D05D00D00671497 /* Foundation.framework */; };
		1DF5F4E00D08C38300B7A737 /* UIKit.framework in Frameworks */ = {isa = PBXBuildFile; fileRef = 1DF5F4DF0D08C38300B7A737 /* UIKit.framework */; };
		288765A50DF7441C002DB57D /* CoreGraphics.framework in Frameworks */ = {isa = PBXBuildFile; fileRef = 288765A40DF7441C002DB57D /* CoreGraphics.framework */; };
		28D7ACF80DDB3853001CB0EB /* MapDocViewController.m in Sources */ = {isa = PBXBuildFile; fileRef = 28D7ACF70DDB3853001CB0EB /* MapDocViewController.m */; };
		720E8047120939CB0046DD1D /* button_bookmark.png in Resources */ = {isa = PBXBuildFile; fileRef = 720E8041120939CB0046DD1D /* button_bookmark.png */; };
		720E8048120939CB0046DD1D /* button_home.png in Resources */ = {isa = PBXBuildFile; fileRef = 720E8042120939CB0046DD1D /* button_home.png */; };
		720E8049120939CB0046DD1D /* button_search.png in Resources */ = {isa = PBXBuildFile; fileRef = 720E8043120939CB0046DD1D /* button_search.png */; };
		720E804A120939CB0046DD1D /* button_text.png in Resources */ = {isa = PBXBuildFile; fileRef = 720E8044120939CB0046DD1D /* button_text.png */; };
		720E804B120939CB0046DD1D /* button_thumbnail.png in Resources */ = {isa = PBXBuildFile; fileRef = 720E8045120939CB0046DD1D /* button_thumbnail.png */; };
		720E804C120939CB0046DD1D /* button_toc.png in Resources */ = {isa = PBXBuildFile; fileRef = 720E8046120939CB0046DD1D /* button_toc.png */; };
		720E804E120939F50046DD1D /* icon.png in Resources */ = {isa = PBXBuildFile; fileRef = 720E804D120939F50046DD1D /* icon.png */; };
		72105FFA11E41E1300CA671C /* BookmarkViewController-iPad-land.xib in Resources */ = {isa = PBXBuildFile; fileRef = 72105FF811E41E1300CA671C /* BookmarkViewController-iPad-land.xib */; };
		72105FFB11E41E1300CA671C /* BookmarkViewController-iPad.xib in Resources */ = {isa = PBXBuildFile; fileRef = 72105FF911E41E1300CA671C /* BookmarkViewController-iPad.xib */; };
		7210600311E41E4D00CA671C /* BookmarkObject.m in Sources */ = {isa = PBXBuildFile; fileRef = 7210600011E41E4D00CA671C /* BookmarkObject.m */; };
		7210600411E41E4D00CA671C /* BookmarkViewController.m in Sources */ = {isa = PBXBuildFile; fileRef = 7210600211E41E4D00CA671C /* BookmarkViewController.m */; };
		7210600B11E41E8000CA671C /* MarkupParser.m in Sources */ = {isa = PBXBuildFile; fileRef = 7210600611E41E8000CA671C /* MarkupParser.m */; };
		7210600C11E41E8000CA671C /* MarkupParseResult.m in Sources */ = {isa = PBXBuildFile; fileRef = 7210600811E41E8000CA671C /* MarkupParseResult.m */; };
		7210600D11E41E8000CA671C /* RubyRangeObject.m in Sources */ = {isa = PBXBuildFile; fileRef = 7210600A11E41E8000CA671C /* RubyRangeObject.m */; };
		7226F16B11E30BC800E2B840 /* IUIViewController.m in Sources */ = {isa = PBXBuildFile; fileRef = 7226F16A11E30BC800E2B840 /* IUIViewController.m */; };
		722A8C8E11D0B4BE00807C6B /* TapDetector.m in Sources */ = {isa = PBXBuildFile; fileRef = 722A8C8A11D0B4BE00807C6B /* TapDetector.m */; };
		722A8CB011D0B57600807C6B /* CFNetwork.framework in Frameworks */ = {isa = PBXBuildFile; fileRef = 722A8CAF11D0B57600807C6B /* CFNetwork.framework */; };
		722A8CB211D0B57600807C6B /* MobileCoreServices.framework in Frameworks */ = {isa = PBXBuildFile; fileRef = 722A8CB111D0B57600807C6B /* MobileCoreServices.framework */; };
		722A8CB411D0B57600807C6B /* SystemConfiguration.framework in Frameworks */ = {isa = PBXBuildFile; fileRef = 722A8CB311D0B57600807C6B /* SystemConfiguration.framework */; };
		722A8CB611D0B57600807C6B /* libz.1.2.3.dylib in Frameworks */ = {isa = PBXBuildFile; fileRef = 722A8CB511D0B57600807C6B /* libz.1.2.3.dylib */; };
		722E6DF111F5AC6400A047AC /* BookshelfViewController-iPhone-land.xib in Resources */ = {isa = PBXBuildFile; fileRef = 722E6DF011F5AC6400A047AC /* BookshelfViewController-iPhone-land.xib */; };
		722E6DF511F5ACCE00A047AC /* BookshelfViewController-iPad-land.xib in Resources */ = {isa = PBXBuildFile; fileRef = 722E6DF411F5ACCE00A047AC /* BookshelfViewController-iPad-land.xib */; };
		7235B3901209173500D50B96 /* UIScaleButton.m in Sources */ = {isa = PBXBuildFile; fileRef = 7235B38F1209173500D50B96 /* UIScaleButton.m */; };
		7235B3931209176500D50B96 /* OverlayManager.m in Sources */ = {isa = PBXBuildFile; fileRef = 7235B3921209176500D50B96 /* OverlayManager.m */; };
		7235B3961209178D00D50B96 /* MarkerView.m in Sources */ = {isa = PBXBuildFile; fileRef = 7235B3951209178D00D50B96 /* MarkerView.m */; };
		7235B39B120917E700D50B96 /* RemoteImageOperation.m in Sources */ = {isa = PBXBuildFile; fileRef = 7235B39A120917E700D50B96 /* RemoteImageOperation.m */; };
		7235B39E1209180000D50B96 /* UIRemoteImageView.m in Sources */ = {isa = PBXBuildFile; fileRef = 7235B39D1209180000D50B96 /* UIRemoteImageView.m */; };
		7235B3A11209182400D50B96 /* Region.m in Sources */ = {isa = PBXBuildFile; fileRef = 7235B3A01209182400D50B96 /* Region.m */; };
		7235B3AD1209186D00D50B96 /* IntDoublePair.m in Sources */ = {isa = PBXBuildFile; fileRef = 7235B3AA1209186D00D50B96 /* IntDoublePair.m */; };
		7235B3AE1209186D00D50B96 /* SeparationHolder.m in Sources */ = {isa = PBXBuildFile; fileRef = 7235B3AC1209186D00D50B96 /* SeparationHolder.m */; };
		723A4648120A51D90043327F /* image_selection_indicator.png in Resources */ = {isa = PBXBuildFile; fileRef = 723A4647120A51D90043327F /* image_selection_indicator.png */; };
		723DE22F11FFD81F00344B47 /* BookshelfDeletionViewController-iPad.xib in Resources */ = {isa = PBXBuildFile; fileRef = 723DE22E11FFD81F00344B47 /* BookshelfDeletionViewController-iPad.xib */; };
		723DE23411FFD8D400344B47 /* BookshelfDeletionViewController-iPad-land.xib in Resources */ = {isa = PBXBuildFile; fileRef = 723DE23311FFD8D400344B47 /* BookshelfDeletionViewController-iPad-land.xib */; };
		723DE24511FFD96800344B47 /* BookshelfDeletionViewController-iPhone.xib in Resources */ = {isa = PBXBuildFile; fileRef = 723DE24411FFD96800344B47 /* BookshelfDeletionViewController-iPhone.xib */; };
		723DE24E11FFDA0900344B47 /* BookshelfDeletionViewController-iPhone-land.xib in Resources */ = {isa = PBXBuildFile; fileRef = 723DE24D11FFDA0900344B47 /* BookshelfDeletionViewController-iPhone-land.xib */; };
		723DE2B011FFF13A00344B47 /* BookshelfDeletionViewController.m in Sources */ = {isa = PBXBuildFile; fileRef = 723DE2AF11FFF13A00344B47 /* BookshelfDeletionViewController.m */; };
		723DE2B311FFF17200344B47 /* UIBalloon.m in Sources */ = {isa = PBXBuildFile; fileRef = 723DE2B211FFF17200344B47 /* UIBalloon.m */; };
		7246FDB91202D0900051C2D6 /* VolonoiDiagramBuilder.m in Sources */ = {isa = PBXBuildFile; fileRef = 7246FDB81202D0900051C2D6 /* VolonoiDiagramBuilder.m */; };
		72479B3B11DB1D4A005EF63A /* ZipArchive.mm in Sources */ = {isa = PBXBuildFile; fileRef = 72479B3A11DB1D4A005EF63A /* ZipArchive.mm */; };
		72479B4911DB1D58005EF63A /* ioapi.c in Sources */ = {isa = PBXBuildFile; fileRef = 72479B4111DB1D58005EF63A /* ioapi.c */; };
		72479B4A11DB1D58005EF63A /* mztools.c in Sources */ = {isa = PBXBuildFile; fileRef = 72479B4311DB1D58005EF63A /* mztools.c */; };
		72479B4B11DB1D58005EF63A /* unzip.c in Sources */ = {isa = PBXBuildFile; fileRef = 72479B4511DB1D58005EF63A /* unzip.c */; };
		72479B4C11DB1D58005EF63A /* zip.c in Sources */ = {isa = PBXBuildFile; fileRef = 72479B4711DB1D58005EF63A /* zip.c */; };
		7251520011F99FA500A89BA6 /* ImageSearchViewController-land.xib in Resources */ = {isa = PBXBuildFile; fileRef = 725151FE11F99FA500A89BA6 /* ImageSearchViewController-land.xib */; };
		7251520111F99FA500A89BA6 /* ImageSearchViewController.xib in Resources */ = {isa = PBXBuildFile; fileRef = 725151FF11F99FA500A89BA6 /* ImageSearchViewController.xib */; };
		7251520611F99FE700A89BA6 /* ImageSearchViewController.m in Sources */ = {isa = PBXBuildFile; fileRef = 7251520311F99FE700A89BA6 /* ImageSearchViewController.m */; };
		7251520711F99FE700A89BA6 /* SearchResult.m in Sources */ = {isa = PBXBuildFile; fileRef = 7251520511F99FE700A89BA6 /* SearchResult.m */; };
		7251520A11F9A00D00A89BA6 /* FileUtil.m in Sources */ = {isa = PBXBuildFile; fileRef = 7251520911F9A00D00A89BA6 /* FileUtil.m */; };
		7264A62A11F83C3F0093FD0C /* NSString+Search.m in Sources */ = {isa = PBXBuildFile; fileRef = 7264A62911F83C3F0093FD0C /* NSString+Search.m */; };
		7264A63311F83DC10093FD0C /* RangeObject.m in Sources */ = {isa = PBXBuildFile; fileRef = 7264A63211F83DC10093FD0C /* RangeObject.m */; };
		7272C5B711F6D3430084A45D /* BookshelfTableViewCell.m in Sources */ = {isa = PBXBuildFile; fileRef = 7272C5B611F6D3430084A45D /* BookshelfTableViewCell.m */; };
		7272C5B911F6D3610084A45D /* BookshelfTableViewCell.xib in Resources */ = {isa = PBXBuildFile; fileRef = 7272C5B811F6D3610084A45D /* BookshelfTableViewCell.xib */; };
		727D173011E3338D007B32CD /* ImageViewController-iPhone-land.xib in Resources */ = {isa = PBXBuildFile; fileRef = 727D172F11E3338D007B32CD /* ImageViewController-iPhone-land.xib */; };
		727D173411E333E9007B32CD /* TOCViewController-iPhone-land.xib in Resources */ = {isa = PBXBuildFile; fileRef = 727D173311E333E9007B32CD /* TOCViewController-iPhone-land.xib */; };
		727D173711E33407007B32CD /* ThumbnailViewController-iPhone-land.xib in Resources */ = {isa = PBXBuildFile; fileRef = 727D173611E33407007B32CD /* ThumbnailViewController-iPhone-land.xib */; };
		727D173A11E33448007B32CD /* BookmarkViewController-iPhone-land.xib in Resources */ = {isa = PBXBuildFile; fileRef = 727D173911E33448007B32CD /* BookmarkViewController-iPhone-land.xib */; };
		727D173D11E334DC007B32CD /* TextViewController-iPhone-land.xib in Resources */ = {isa = PBXBuildFile; fileRef = 727D173C11E334DC007B32CD /* TextViewController-iPhone-land.xib */; };
		7295944211D2124A00C4B72F /* QuartzCore.framework in Frameworks */ = {isa = PBXBuildFile; fileRef = 7295944111D2124A00C4B72F /* QuartzCore.framework */; };
		729E794F12066DF900D98CA1 /* UITouchAwareWindow.m in Sources */ = {isa = PBXBuildFile; fileRef = 729E794E12066DF900D98CA1 /* UITouchAwareWindow.m */; };
		72A2588311F028F40091AC3F /* BrowserViewController-iPad.xib in Resources */ = {isa = PBXBuildFile; fileRef = 72A2588211F028F40091AC3F /* BrowserViewController-iPad.xib */; };
		72AD852112096D9800C18C38 /* MediaPlayer.framework in Frameworks */ = {isa = PBXBuildFile; fileRef = 72AD852012096D9800C18C38 /* MediaPlayer.framework */; };
		72B01A4511F59F630041346E /* BookshelfViewController-iPhone.xib in Resources */ = {isa = PBXBuildFile; fileRef = 72B01A4411F59F630041346E /* BookshelfViewController-iPhone.xib */; };
		72C77E6F11D9FD3A00316C0D /* OpenGLES.framework in Frameworks */ = {isa = PBXBuildFile; fileRef = 72C77E6E11D9FD3A00316C0D /* OpenGLES.framework */; };
		72C8256511F5AEE900F75566 /* BookshelfViewController-iPad.xib in Resources */ = {isa = PBXBuildFile; fileRef = 72C8256411F5AEE900F75566 /* BookshelfViewController-iPad.xib */; };
		72C8256811F5AF1B00F75566 /* BookshelfViewController.m in Sources */ = {isa = PBXBuildFile; fileRef = 72C8256711F5AF1B00F75566 /* BookshelfViewController.m */; };
		72C8256B11F5AF4500F75566 /* BrowserViewController.m in Sources */ = {isa = PBXBuildFile; fileRef = 72C8256A11F5AF4500F75566 /* BrowserViewController.m */; };
		72C8257111F5AF6400F75566 /* DownloadManager.m in Sources */ = {isa = PBXBuildFile; fileRef = 72C8256E11F5AF6400F75566 /* DownloadManager.m */; };
		72C8257211F5AF6400F75566 /* DownloadStatusObject.m in Sources */ = {isa = PBXBuildFile; fileRef = 72C8257011F5AF6400F75566 /* DownloadStatusObject.m */; };
		72EA041611DD887A00086541 /* HistoryObject.m in Sources */ = {isa = PBXBuildFile; fileRef = 72EA041511DD887A00086541 /* HistoryObject.m */; };
		72EC0D6511E2C37F006116C1 /* MainWindow-iPhone.xib in Resources */ = {isa = PBXBuildFile; fileRef = 72EC0D6411E2C37F006116C1 /* MainWindow-iPhone.xib */; };
		72EC0D8211E2C52F006116C1 /* MapDocViewController-iPhone.xib in Resources */ = {isa = PBXBuildFile; fileRef = 72EC0D8111E2C52F006116C1 /* MapDocViewController-iPhone.xib */; };
		72EC0D8A11E2C81A006116C1 /* ImageViewController-iPhone.xib in Resources */ = {isa = PBXBuildFile; fileRef = 72EC0D8911E2C81A006116C1 /* ImageViewController-iPhone.xib */; };
		72EC0DA411E2CC90006116C1 /* TOCViewController-iPhone.xib in Resources */ = {isa = PBXBuildFile; fileRef = 72EC0DA311E2CC90006116C1 /* TOCViewController-iPhone.xib */; };
		72EC0DA711E2CCFE006116C1 /* ThumbnailViewController-iPhone.xib in Resources */ = {isa = PBXBuildFile; fileRef = 72EC0DA611E2CCFE006116C1 /* ThumbnailViewController-iPhone.xib */; };
		72EC0DAA11E2CEF7006116C1 /* BookmarkViewController-iPhone.xib in Resources */ = {isa = PBXBuildFile; fileRef = 72EC0DA911E2CEF7006116C1 /* BookmarkViewController-iPhone.xib */; };
		72EC0DAD11E2D009006116C1 /* TextViewController-iPhone.xib in Resources */ = {isa = PBXBuildFile; fileRef = 72EC0DAC11E2D009006116C1 /* TextViewController-iPhone.xib */; };
		72ECD7D811E41BE400F872D1 /* ImageViewController-iPad-land.xib in Resources */ = {isa = PBXBuildFile; fileRef = 72ECD7CC11E41BE400F872D1 /* ImageViewController-iPad-land.xib */; };
		72ECD7D911E41BE400F872D1 /* ImageViewController-iPad.xib in Resources */ = {isa = PBXBuildFile; fileRef = 72ECD7CD11E41BE400F872D1 /* ImageViewController-iPad.xib */; };
		72ECD7DA11E41BE400F872D1 /* MainWindow-iPad.xib in Resources */ = {isa = PBXBuildFile; fileRef = 72ECD7CE11E41BE400F872D1 /* MainWindow-iPad.xib */; };
		72ECD7DB11E41BE400F872D1 /* MapDocViewController-iPad.xib in Resources */ = {isa = PBXBuildFile; fileRef = 72ECD7CF11E41BE400F872D1 /* MapDocViewController-iPad.xib */; };
		72ECD7DC11E41BE400F872D1 /* TextViewController-iPad-land.xib in Resources */ = {isa = PBXBuildFile; fileRef = 72ECD7D011E41BE400F872D1 /* TextViewController-iPad-land.xib */; };
		72ECD7DD11E41BE400F872D1 /* TextViewController-iPad.xib in Resources */ = {isa = PBXBuildFile; fileRef = 72ECD7D111E41BE400F872D1 /* TextViewController-iPad.xib */; };
		72ECD7DE11E41BE400F872D1 /* ThumbnailViewController-iPad-land.xib in Resources */ = {isa = PBXBuildFile; fileRef = 72ECD7D211E41BE400F872D1 /* ThumbnailViewController-iPad-land.xib */; };
		72ECD7DF11E41BE400F872D1 /* ThumbnailViewController-iPad.xib in Resources */ = {isa = PBXBuildFile; fileRef = 72ECD7D311E41BE400F872D1 /* ThumbnailViewController-iPad.xib */; };
		72ECD7E011E41BE400F872D1 /* TOCViewController-iPad-land.xib in Resources */ = {isa = PBXBuildFile; fileRef = 72ECD7D411E41BE400F872D1 /* TOCViewController-iPad-land.xib */; };
		72ECD7E111E41BE400F872D1 /* TOCViewController-iPad.xib in Resources */ = {isa = PBXBuildFile; fileRef = 72ECD7D511E41BE400F872D1 /* TOCViewController-iPad.xib */; };
		72EF9BF811DAD5C800E8E5E7 /* ASIAuthenticationDialog.m in Sources */ = {isa = PBXBuildFile; fileRef = 72EF9BE811DAD5C800E8E5E7 /* ASIAuthenticationDialog.m */; };
		72EF9BF911DAD5C800E8E5E7 /* ASIFormDataRequest.m in Sources */ = {isa = PBXBuildFile; fileRef = 72EF9BEA11DAD5C800E8E5E7 /* ASIFormDataRequest.m */; };
		72EF9BFA11DAD5C800E8E5E7 /* ASIHTTPRequest.m in Sources */ = {isa = PBXBuildFile; fileRef = 72EF9BEC11DAD5C800E8E5E7 /* ASIHTTPRequest.m */; };
		72EF9BFB11DAD5C800E8E5E7 /* ASIInputStream.m in Sources */ = {isa = PBXBuildFile; fileRef = 72EF9BF011DAD5C800E8E5E7 /* ASIInputStream.m */; };
		72EF9BFC11DAD5C800E8E5E7 /* ASINetworkQueue.m in Sources */ = {isa = PBXBuildFile; fileRef = 72EF9BF211DAD5C800E8E5E7 /* ASINetworkQueue.m */; };
		72EF9BFD11DAD5C800E8E5E7 /* ASINSStringAdditions.m in Sources */ = {isa = PBXBuildFile; fileRef = 72EF9BF411DAD5C800E8E5E7 /* ASINSStringAdditions.m */; };
		72EF9BFE11DAD5C800E8E5E7 /* Reachability.m in Sources */ = {isa = PBXBuildFile; fileRef = 72EF9BF711DAD5C800E8E5E7 /* Reachability.m */; };
		72EF9C1411DAD63F00E8E5E7 /* NSObject+SBJSON.m in Sources */ = {isa = PBXBuildFile; fileRef = 72EF9C0911DAD63F00E8E5E7 /* NSObject+SBJSON.m */; };
		72EF9C1511DAD63F00E8E5E7 /* NSString+SBJSON.m in Sources */ = {isa = PBXBuildFile; fileRef = 72EF9C0B11DAD63F00E8E5E7 /* NSString+SBJSON.m */; };
		72EF9C1611DAD63F00E8E5E7 /* SBJSON.m in Sources */ = {isa = PBXBuildFile; fileRef = 72EF9C0D11DAD63F00E8E5E7 /* SBJSON.m */; };
		72EF9C1711DAD63F00E8E5E7 /* SBJsonBase.m in Sources */ = {isa = PBXBuildFile; fileRef = 72EF9C0F11DAD63F00E8E5E7 /* SBJsonBase.m */; };
		72EF9C1811DAD63F00E8E5E7 /* SBJsonParser.m in Sources */ = {isa = PBXBuildFile; fileRef = 72EF9C1111DAD63F00E8E5E7 /* SBJsonParser.m */; };
		72EF9C1911DAD63F00E8E5E7 /* SBJsonWriter.m in Sources */ = {isa = PBXBuildFile; fileRef = 72EF9C1311DAD63F00E8E5E7 /* SBJsonWriter.m */; };
		72EF9C1E11DAD68000E8E5E7 /* DataCache.m in Sources */ = {isa = PBXBuildFile; fileRef = 72EF9C1B11DAD68000E8E5E7 /* DataCache.m */; };
		72EF9C1F11DAD68000E8E5E7 /* FlowCoverView.m in Sources */ = {isa = PBXBuildFile; fileRef = 72EF9C1D11DAD68000E8E5E7 /* FlowCoverView.m */; };
		72EF9C4B11DAD7FC00E8E5E7 /* ImageViewController.m in Sources */ = {isa = PBXBuildFile; fileRef = 72EF9C4611DAD7FC00E8E5E7 /* ImageViewController.m */; };
		72EF9C4C11DAD7FC00E8E5E7 /* TiledScrollView.m in Sources */ = {isa = PBXBuildFile; fileRef = 72EF9C4811DAD7FC00E8E5E7 /* TiledScrollView.m */; };
		72EF9C6011DAD84600E8E5E7 /* HTextView.m in Sources */ = {isa = PBXBuildFile; fileRef = 72EF9C4F11DAD84600E8E5E7 /* HTextView.m */; };
		72EF9C6111DAD84600E8E5E7 /* ITextView.m in Sources */ = {isa = PBXBuildFile; fileRef = 72EF9C5111DAD84600E8E5E7 /* ITextView.m */; };
		72EF9C6211DAD84600E8E5E7 /* NSString+Char.m in Sources */ = {isa = PBXBuildFile; fileRef = 72EF9C5311DAD84600E8E5E7 /* NSString+Char.m */; };
		72EF9C6311DAD84600E8E5E7 /* NSString+Data.m in Sources */ = {isa = PBXBuildFile; fileRef = 72EF9C5511DAD84600E8E5E7 /* NSString+Data.m */; };
		72EF9C6411DAD84600E8E5E7 /* RubyMarker.m in Sources */ = {isa = PBXBuildFile; fileRef = 72EF9C5711DAD84600E8E5E7 /* RubyMarker.m */; };
		72EF9C6511DAD84600E8E5E7 /* TextSizeMarker.m in Sources */ = {isa = PBXBuildFile; fileRef = 72EF9C5911DAD84600E8E5E7 /* TextSizeMarker.m */; };
		72EF9C6611DAD84600E8E5E7 /* TextViewConfig.m in Sources */ = {isa = PBXBuildFile; fileRef = 72EF9C5B11DAD84600E8E5E7 /* TextViewConfig.m */; };
		72EF9C6711DAD84600E8E5E7 /* TextViewController.m in Sources */ = {isa = PBXBuildFile; fileRef = 72EF9C5D11DAD84600E8E5E7 /* TextViewController.m */; };
		72EF9C6811DAD84600E8E5E7 /* VTextView.m in Sources */ = {isa = PBXBuildFile; fileRef = 72EF9C5F11DAD84600E8E5E7 /* VTextView.m */; };
		72EF9C6D11DAD86600E8E5E7 /* TOCObject.m in Sources */ = {isa = PBXBuildFile; fileRef = 72EF9C6A11DAD86600E8E5E7 /* TOCObject.m */; };
		72EF9C6E11DAD86600E8E5E7 /* TOCViewController.m in Sources */ = {isa = PBXBuildFile; fileRef = 72EF9C6C11DAD86600E8E5E7 /* TOCViewController.m */; };
		72EF9C7111DAD88300E8E5E7 /* ThumbnailViewController.m in Sources */ = {isa = PBXBuildFile; fileRef = 72EF9C7011DAD88300E8E5E7 /* ThumbnailViewController.m */; };
		72F1DD8D11F0107E008223FB /* BrowserViewController-iPhone.xib in Resources */ = {isa = PBXBuildFile; fileRef = 72F1DD8C11F0107E008223FB /* BrowserViewController-iPhone.xib */; };
		72F1DE0F11F0229A008223FB /* BrowserViewController-iPad-land.xib in Resources */ = {isa = PBXBuildFile; fileRef = 72F1DE0E11F0229A008223FB /* BrowserViewController-iPad-land.xib */; };
		72F1DE1111F022BF008223FB /* BrowserViewController-iPhone-land.xib in Resources */ = {isa = PBXBuildFile; fileRef = 72F1DE1011F022BF008223FB /* BrowserViewController-iPhone-land.xib */; };
/* End PBXBuildFile section */

/* Begin PBXFileReference section */
		1D30AB110D05D00D00671497 /* Foundation.framework */ = {isa = PBXFileReference; lastKnownFileType = wrapper.framework; name = Foundation.framework; path = System/Library/Frameworks/Foundation.framework; sourceTree = SDKROOT; };
		1D3623240D0F684500981E51 /* MapDocAppDelegate.h */ = {isa = PBXFileReference; fileEncoding = 4; lastKnownFileType = sourcecode.c.h; path = MapDocAppDelegate.h; sourceTree = "<group>"; };
		1D3623250D0F684500981E51 /* MapDocAppDelegate.m */ = {isa = PBXFileReference; fileEncoding = 4; lastKnownFileType = sourcecode.c.objc; path = MapDocAppDelegate.m; sourceTree = "<group>"; };
		1D6058910D05DD3D006BFB54 /* docnext.app */ = {isa = PBXFileReference; explicitFileType = wrapper.application; includeInIndex = 0; path = docnext.app; sourceTree = BUILT_PRODUCTS_DIR; };
		1DF5F4DF0D08C38300B7A737 /* UIKit.framework */ = {isa = PBXFileReference; lastKnownFileType = wrapper.framework; name = UIKit.framework; path = System/Library/Frameworks/UIKit.framework; sourceTree = SDKROOT; };
		288765A40DF7441C002DB57D /* CoreGraphics.framework */ = {isa = PBXFileReference; lastKnownFileType = wrapper.framework; name = CoreGraphics.framework; path = System/Library/Frameworks/CoreGraphics.framework; sourceTree = SDKROOT; };
		28D7ACF60DDB3853001CB0EB /* MapDocViewController.h */ = {isa = PBXFileReference; fileEncoding = 4; lastKnownFileType = sourcecode.c.h; path = MapDocViewController.h; sourceTree = "<group>"; };
		28D7ACF70DDB3853001CB0EB /* MapDocViewController.m */ = {isa = PBXFileReference; fileEncoding = 4; lastKnownFileType = sourcecode.c.objc; path = MapDocViewController.m; sourceTree = "<group>"; };
		29B97316FDCFA39411CA2CEA /* main.m */ = {isa = PBXFileReference; fileEncoding = 4; lastKnownFileType = sourcecode.c.objc; path = main.m; sourceTree = "<group>"; };
		32CA4F630368D1EE00C91783 /* MapDoc_Prefix.pch */ = {isa = PBXFileReference; fileEncoding = 4; lastKnownFileType = sourcecode.c.h; path = MapDoc_Prefix.pch; sourceTree = "<group>"; };
		720E8041120939CB0046DD1D /* button_bookmark.png */ = {isa = PBXFileReference; lastKnownFileType = image.png; name = button_bookmark.png; path = "Resources-asset/button_bookmark.png"; sourceTree = "<group>"; };
		720E8042120939CB0046DD1D /* button_home.png */ = {isa = PBXFileReference; lastKnownFileType = image.png; name = button_home.png; path = "Resources-asset/button_home.png"; sourceTree = "<group>"; };
		720E8043120939CB0046DD1D /* button_search.png */ = {isa = PBXFileReference; lastKnownFileType = image.png; name = button_search.png; path = "Resources-asset/button_search.png"; sourceTree = "<group>"; };
		720E8044120939CB0046DD1D /* button_text.png */ = {isa = PBXFileReference; lastKnownFileType = image.png; name = button_text.png; path = "Resources-asset/button_text.png"; sourceTree = "<group>"; };
		720E8045120939CB0046DD1D /* button_thumbnail.png */ = {isa = PBXFileReference; lastKnownFileType = image.png; name = button_thumbnail.png; path = "Resources-asset/button_thumbnail.png"; sourceTree = "<group>"; };
		720E8046120939CB0046DD1D /* button_toc.png */ = {isa = PBXFileReference; lastKnownFileType = image.png; name = button_toc.png; path = "Resources-asset/button_toc.png"; sourceTree = "<group>"; };
		720E804D120939F50046DD1D /* icon.png */ = {isa = PBXFileReference; lastKnownFileType = image.png; name = icon.png; path = "Resources-asset/icon.png"; sourceTree = "<group>"; };
		72105FF811E41E1300CA671C /* BookmarkViewController-iPad-land.xib */ = {isa = PBXFileReference; lastKnownFileType = file.xib; name = "BookmarkViewController-iPad-land.xib"; path = "Resources-iPad/BookmarkViewController-iPad-land.xib"; sourceTree = "<group>"; };
		72105FF911E41E1300CA671C /* BookmarkViewController-iPad.xib */ = {isa = PBXFileReference; lastKnownFileType = file.xib; name = "BookmarkViewController-iPad.xib"; path = "Resources-iPad/BookmarkViewController-iPad.xib"; sourceTree = "<group>"; };
		72105FFF11E41E4D00CA671C /* BookmarkObject.h */ = {isa = PBXFileReference; fileEncoding = 4; lastKnownFileType = sourcecode.c.h; name = BookmarkObject.h; path = Bookmark/BookmarkObject.h; sourceTree = "<group>"; };
		7210600011E41E4D00CA671C /* BookmarkObject.m */ = {isa = PBXFileReference; fileEncoding = 4; lastKnownFileType = sourcecode.c.objc; name = BookmarkObject.m; path = Bookmark/BookmarkObject.m; sourceTree = "<group>"; };
		7210600111E41E4D00CA671C /* BookmarkViewController.h */ = {isa = PBXFileReference; fileEncoding = 4; lastKnownFileType = sourcecode.c.h; name = BookmarkViewController.h; path = Bookmark/BookmarkViewController.h; sourceTree = "<group>"; };
		7210600211E41E4D00CA671C /* BookmarkViewController.m */ = {isa = PBXFileReference; fileEncoding = 4; lastKnownFileType = sourcecode.c.objc; name = BookmarkViewController.m; path = Bookmark/BookmarkViewController.m; sourceTree = "<group>"; };
		7210600511E41E8000CA671C /* MarkupParser.h */ = {isa = PBXFileReference; fileEncoding = 4; lastKnownFileType = sourcecode.c.h; name = MarkupParser.h; path = Text/MarkupParser.h; sourceTree = "<group>"; };
		7210600611E41E8000CA671C /* MarkupParser.m */ = {isa = PBXFileReference; fileEncoding = 4; lastKnownFileType = sourcecode.c.objc; name = MarkupParser.m; path = Text/MarkupParser.m; sourceTree = "<group>"; };
		7210600711E41E8000CA671C /* MarkupParseResult.h */ = {isa = PBXFileReference; fileEncoding = 4; lastKnownFileType = sourcecode.c.h; name = MarkupParseResult.h; path = Text/MarkupParseResult.h; sourceTree = "<group>"; };
		7210600811E41E8000CA671C /* MarkupParseResult.m */ = {isa = PBXFileReference; fileEncoding = 4; lastKnownFileType = sourcecode.c.objc; name = MarkupParseResult.m; path = Text/MarkupParseResult.m; sourceTree = "<group>"; };
		7210600911E41E8000CA671C /* RubyRangeObject.h */ = {isa = PBXFileReference; fileEncoding = 4; lastKnownFileType = sourcecode.c.h; name = RubyRangeObject.h; path = Text/RubyRangeObject.h; sourceTree = "<group>"; };
		7210600A11E41E8000CA671C /* RubyRangeObject.m */ = {isa = PBXFileReference; fileEncoding = 4; lastKnownFileType = sourcecode.c.objc; name = RubyRangeObject.m; path = Text/RubyRangeObject.m; sourceTree = "<group>"; };
		7226F16911E30BC800E2B840 /* IUIViewController.h */ = {isa = PBXFileReference; fileEncoding = 4; lastKnownFileType = sourcecode.c.h; path = IUIViewController.h; sourceTree = "<group>"; };
		7226F16A11E30BC800E2B840 /* IUIViewController.m */ = {isa = PBXFileReference; fileEncoding = 4; lastKnownFileType = sourcecode.c.objc; path = IUIViewController.m; sourceTree = "<group>"; };
		722A8C8911D0B4BE00807C6B /* TapDetector.h */ = {isa = PBXFileReference; fileEncoding = 4; lastKnownFileType = sourcecode.c.h; path = TapDetector.h; sourceTree = "<group>"; };
		722A8C8A11D0B4BE00807C6B /* TapDetector.m */ = {isa = PBXFileReference; fileEncoding = 4; lastKnownFileType = sourcecode.c.objc; path = TapDetector.m; sourceTree = "<group>"; };
		722A8CAF11D0B57600807C6B /* CFNetwork.framework */ = {isa = PBXFileReference; lastKnownFileType = wrapper.framework; name = CFNetwork.framework; path = System/Library/Frameworks/CFNetwork.framework; sourceTree = SDKROOT; };
		722A8CB111D0B57600807C6B /* MobileCoreServices.framework */ = {isa = PBXFileReference; lastKnownFileType = wrapper.framework; name = MobileCoreServices.framework; path = System/Library/Frameworks/MobileCoreServices.framework; sourceTree = SDKROOT; };
		722A8CB311D0B57600807C6B /* SystemConfiguration.framework */ = {isa = PBXFileReference; lastKnownFileType = wrapper.framework; name = SystemConfiguration.framework; path = System/Library/Frameworks/SystemConfiguration.framework; sourceTree = SDKROOT; };
		722A8CB511D0B57600807C6B /* libz.1.2.3.dylib */ = {isa = PBXFileReference; lastKnownFileType = "compiled.mach-o.dylib"; name = libz.1.2.3.dylib; path = usr/lib/libz.1.2.3.dylib; sourceTree = SDKROOT; };
		722E6DF011F5AC6400A047AC /* BookshelfViewController-iPhone-land.xib */ = {isa = PBXFileReference; lastKnownFileType = file.xib; name = "BookshelfViewController-iPhone-land.xib"; path = "Resources-iPhone/BookshelfViewController-iPhone-land.xib"; sourceTree = "<group>"; };
		722E6DF411F5ACCE00A047AC /* BookshelfViewController-iPad-land.xib */ = {isa = PBXFileReference; lastKnownFileType = file.xib; name = "BookshelfViewController-iPad-land.xib"; path = "Resources-iPad/BookshelfViewController-iPad-land.xib"; sourceTree = "<group>"; };
		7235B38E1209173500D50B96 /* UIScaleButton.h */ = {isa = PBXFileReference; fileEncoding = 4; lastKnownFileType = sourcecode.c.h; name = UIScaleButton.h; path = Image/UIScaleButton.h; sourceTree = "<group>"; };
		7235B38F1209173500D50B96 /* UIScaleButton.m */ = {isa = PBXFileReference; fileEncoding = 4; lastKnownFileType = sourcecode.c.objc; name = UIScaleButton.m; path = Image/UIScaleButton.m; sourceTree = "<group>"; };
		7235B3911209176500D50B96 /* OverlayManager.h */ = {isa = PBXFileReference; fileEncoding = 4; lastKnownFileType = sourcecode.c.h; name = OverlayManager.h; path = Image/OverlayManager/OverlayManager.h; sourceTree = "<group>"; };
		7235B3921209176500D50B96 /* OverlayManager.m */ = {isa = PBXFileReference; fileEncoding = 4; lastKnownFileType = sourcecode.c.objc; name = OverlayManager.m; path = Image/OverlayManager/OverlayManager.m; sourceTree = "<group>"; };
		7235B3941209178D00D50B96 /* MarkerView.h */ = {isa = PBXFileReference; fileEncoding = 4; lastKnownFileType = sourcecode.c.h; name = MarkerView.h; path = Image/Marker/MarkerView.h; sourceTree = "<group>"; };
		7235B3951209178D00D50B96 /* MarkerView.m */ = {isa = PBXFileReference; fileEncoding = 4; lastKnownFileType = sourcecode.c.objc; name = MarkerView.m; path = Image/Marker/MarkerView.m; sourceTree = "<group>"; };
		7235B398120917AD00D50B96 /* IScale.h */ = {isa = PBXFileReference; fileEncoding = 4; lastKnownFileType = sourcecode.c.h; name = IScale.h; path = Image/IScale.h; sourceTree = "<group>"; };
		7235B399120917E700D50B96 /* RemoteImageOperation.h */ = {isa = PBXFileReference; fileEncoding = 4; lastKnownFileType = sourcecode.c.h; name = RemoteImageOperation.h; path = Image/RemoteImage/RemoteImageOperation.h; sourceTree = "<group>"; };
		7235B39A120917E700D50B96 /* RemoteImageOperation.m */ = {isa = PBXFileReference; fileEncoding = 4; lastKnownFileType = sourcecode.c.objc; name = RemoteImageOperation.m; path = Image/RemoteImage/RemoteImageOperation.m; sourceTree = "<group>"; };
		7235B39C1209180000D50B96 /* UIRemoteImageView.h */ = {isa = PBXFileReference; fileEncoding = 4; lastKnownFileType = sourcecode.c.h; name = UIRemoteImageView.h; path = Image/RemoteImage/UIRemoteImageView.h; sourceTree = "<group>"; };
		7235B39D1209180000D50B96 /* UIRemoteImageView.m */ = {isa = PBXFileReference; fileEncoding = 4; lastKnownFileType = sourcecode.c.objc; name = UIRemoteImageView.m; path = Image/RemoteImage/UIRemoteImageView.m; sourceTree = "<group>"; };
		7235B39F1209182400D50B96 /* Region.h */ = {isa = PBXFileReference; fileEncoding = 4; lastKnownFileType = sourcecode.c.h; name = Region.h; path = Image/OverlayManager/Region.h; sourceTree = "<group>"; };
		7235B3A01209182400D50B96 /* Region.m */ = {isa = PBXFileReference; fileEncoding = 4; lastKnownFileType = sourcecode.c.objc; name = Region.m; path = Image/OverlayManager/Region.m; sourceTree = "<group>"; };
		7235B3A91209186D00D50B96 /* IntDoublePair.h */ = {isa = PBXFileReference; fileEncoding = 4; lastKnownFileType = sourcecode.c.h; name = IntDoublePair.h; path = Image/OverlayManager/Separation/IntDoublePair.h; sourceTree = "<group>"; };
		7235B3AA1209186D00D50B96 /* IntDoublePair.m */ = {isa = PBXFileReference; fileEncoding = 4; lastKnownFileType = sourcecode.c.objc; name = IntDoublePair.m; path = Image/OverlayManager/Separation/IntDoublePair.m; sourceTree = "<group>"; };
		7235B3AB1209186D00D50B96 /* SeparationHolder.h */ = {isa = PBXFileReference; fileEncoding = 4; lastKnownFileType = sourcecode.c.h; name = SeparationHolder.h; path = Image/OverlayManager/Separation/SeparationHolder.h; sourceTree = "<group>"; };
		7235B3AC1209186D00D50B96 /* SeparationHolder.m */ = {isa = PBXFileReference; fileEncoding = 4; lastKnownFileType = sourcecode.c.objc; name = SeparationHolder.m; path = Image/OverlayManager/Separation/SeparationHolder.m; sourceTree = "<group>"; };
		723A4647120A51D90043327F /* image_selection_indicator.png */ = {isa = PBXFileReference; lastKnownFileType = image.png; name = image_selection_indicator.png; path = "Resources-asset/image_selection_indicator.png"; sourceTree = "<group>"; };
		723DE22E11FFD81F00344B47 /* BookshelfDeletionViewController-iPad.xib */ = {isa = PBXFileReference; lastKnownFileType = file.xib; name = "BookshelfDeletionViewController-iPad.xib"; path = "Resources-iPad/BookshelfDeletionViewController-iPad.xib"; sourceTree = "<group>"; };
		723DE23311FFD8D400344B47 /* BookshelfDeletionViewController-iPad-land.xib */ = {isa = PBXFileReference; lastKnownFileType = file.xib; name = "BookshelfDeletionViewController-iPad-land.xib"; path = "Resources-iPad/BookshelfDeletionViewController-iPad-land.xib"; sourceTree = "<group>"; };
		723DE24411FFD96800344B47 /* BookshelfDeletionViewController-iPhone.xib */ = {isa = PBXFileReference; lastKnownFileType = file.xib; name = "BookshelfDeletionViewController-iPhone.xib"; path = "Resources-iPhone/BookshelfDeletionViewController-iPhone.xib"; sourceTree = "<group>"; };
		723DE24D11FFDA0900344B47 /* BookshelfDeletionViewController-iPhone-land.xib */ = {isa = PBXFileReference; lastKnownFileType = file.xib; name = "BookshelfDeletionViewController-iPhone-land.xib"; path = "Resources-iPhone/BookshelfDeletionViewController-iPhone-land.xib"; sourceTree = "<group>"; };
		723DE2AE11FFF13A00344B47 /* BookshelfDeletionViewController.h */ = {isa = PBXFileReference; fileEncoding = 4; lastKnownFileType = sourcecode.c.h; name = BookshelfDeletionViewController.h; path = Bookshelf/Deletion/BookshelfDeletionViewController.h; sourceTree = "<group>"; };
		723DE2AF11FFF13A00344B47 /* BookshelfDeletionViewController.m */ = {isa = PBXFileReference; fileEncoding = 4; lastKnownFileType = sourcecode.c.objc; name = BookshelfDeletionViewController.m; path = Bookshelf/Deletion/BookshelfDeletionViewController.m; sourceTree = "<group>"; };
		723DE2B111FFF17200344B47 /* UIBalloon.h */ = {isa = PBXFileReference; fileEncoding = 4; lastKnownFileType = sourcecode.c.h; name = UIBalloon.h; path = Image/Balloon/UIBalloon.h; sourceTree = "<group>"; };
		723DE2B211FFF17200344B47 /* UIBalloon.m */ = {isa = PBXFileReference; fileEncoding = 4; lastKnownFileType = sourcecode.c.objc; name = UIBalloon.m; path = Image/Balloon/UIBalloon.m; sourceTree = "<group>"; };
		7246FDB71202D0900051C2D6 /* VolonoiDiagramBuilder.h */ = {isa = PBXFileReference; fileEncoding = 4; lastKnownFileType = sourcecode.c.h; name = VolonoiDiagramBuilder.h; path = Image/VolonoiDiagram/VolonoiDiagramBuilder.h; sourceTree = "<group>"; };
		7246FDB81202D0900051C2D6 /* VolonoiDiagramBuilder.m */ = {isa = PBXFileReference; fileEncoding = 4; lastKnownFileType = sourcecode.c.objc; name = VolonoiDiagramBuilder.m; path = Image/VolonoiDiagram/VolonoiDiagramBuilder.m; sourceTree = "<group>"; };
		72479B3911DB1D4A005EF63A /* ZipArchive.h */ = {isa = PBXFileReference; fileEncoding = 4; lastKnownFileType = sourcecode.c.h; name = ZipArchive.h; path = Library/ZipArchive/ZipArchive.h; sourceTree = "<group>"; };
		72479B3A11DB1D4A005EF63A /* ZipArchive.mm */ = {isa = PBXFileReference; fileEncoding = 4; lastKnownFileType = sourcecode.cpp.objcpp; name = ZipArchive.mm; path = Library/ZipArchive/ZipArchive.mm; sourceTree = "<group>"; };
		72479B4011DB1D58005EF63A /* crypt.h */ = {isa = PBXFileReference; fileEncoding = 4; lastKnownFileType = sourcecode.c.h; name = crypt.h; path = Library/ZipArchive/minizip/crypt.h; sourceTree = "<group>"; };
		72479B4111DB1D58005EF63A /* ioapi.c */ = {isa = PBXFileReference; fileEncoding = 4; lastKnownFileType = sourcecode.c.c; name = ioapi.c; path = Library/ZipArchive/minizip/ioapi.c; sourceTree = "<group>"; };
		72479B4211DB1D58005EF63A /* ioapi.h */ = {isa = PBXFileReference; fileEncoding = 4; lastKnownFileType = sourcecode.c.h; name = ioapi.h; path = Library/ZipArchive/minizip/ioapi.h; sourceTree = "<group>"; };
		72479B4311DB1D58005EF63A /* mztools.c */ = {isa = PBXFileReference; fileEncoding = 4; lastKnownFileType = sourcecode.c.c; name = mztools.c; path = Library/ZipArchive/minizip/mztools.c; sourceTree = "<group>"; };
		72479B4411DB1D58005EF63A /* mztools.h */ = {isa = PBXFileReference; fileEncoding = 4; lastKnownFileType = sourcecode.c.h; name = mztools.h; path = Library/ZipArchive/minizip/mztools.h; sourceTree = "<group>"; };
		72479B4511DB1D58005EF63A /* unzip.c */ = {isa = PBXFileReference; fileEncoding = 4; lastKnownFileType = sourcecode.c.c; name = unzip.c; path = Library/ZipArchive/minizip/unzip.c; sourceTree = "<group>"; };
		72479B4611DB1D58005EF63A /* unzip.h */ = {isa = PBXFileReference; fileEncoding = 4; lastKnownFileType = sourcecode.c.h; name = unzip.h; path = Library/ZipArchive/minizip/unzip.h; sourceTree = "<group>"; };
		72479B4711DB1D58005EF63A /* zip.c */ = {isa = PBXFileReference; fileEncoding = 4; lastKnownFileType = sourcecode.c.c; name = zip.c; path = Library/ZipArchive/minizip/zip.c; sourceTree = "<group>"; };
		72479B4811DB1D58005EF63A /* zip.h */ = {isa = PBXFileReference; fileEncoding = 4; lastKnownFileType = sourcecode.c.h; name = zip.h; path = Library/ZipArchive/minizip/zip.h; sourceTree = "<group>"; };
		725151FE11F99FA500A89BA6 /* ImageSearchViewController-land.xib */ = {isa = PBXFileReference; lastKnownFileType = file.xib; name = "ImageSearchViewController-land.xib"; path = "Resources-iPad/ImageSearchViewController-land.xib"; sourceTree = "<group>"; };
		725151FF11F99FA500A89BA6 /* ImageSearchViewController.xib */ = {isa = PBXFileReference; lastKnownFileType = file.xib; name = ImageSearchViewController.xib; path = "Resources-iPad/ImageSearchViewController.xib"; sourceTree = "<group>"; };
		7251520211F99FE700A89BA6 /* ImageSearchViewController.h */ = {isa = PBXFileReference; fileEncoding = 4; lastKnownFileType = sourcecode.c.h; name = ImageSearchViewController.h; path = Image/Search/ImageSearchViewController.h; sourceTree = "<group>"; };
		7251520311F99FE700A89BA6 /* ImageSearchViewController.m */ = {isa = PBXFileReference; fileEncoding = 4; lastKnownFileType = sourcecode.c.objc; name = ImageSearchViewController.m; path = Image/Search/ImageSearchViewController.m; sourceTree = "<group>"; };
		7251520411F99FE700A89BA6 /* SearchResult.h */ = {isa = PBXFileReference; fileEncoding = 4; lastKnownFileType = sourcecode.c.h; name = SearchResult.h; path = Image/Search/SearchResult.h; sourceTree = "<group>"; };
		7251520511F99FE700A89BA6 /* SearchResult.m */ = {isa = PBXFileReference; fileEncoding = 4; lastKnownFileType = sourcecode.c.objc; name = SearchResult.m; path = Image/Search/SearchResult.m; sourceTree = "<group>"; };
		7251520811F9A00D00A89BA6 /* FileUtil.h */ = {isa = PBXFileReference; fileEncoding = 4; lastKnownFileType = sourcecode.c.h; name = FileUtil.h; path = Util/FileUtil.h; sourceTree = "<group>"; };
		7251520911F9A00D00A89BA6 /* FileUtil.m */ = {isa = PBXFileReference; fileEncoding = 4; lastKnownFileType = sourcecode.c.objc; name = FileUtil.m; path = Util/FileUtil.m; sourceTree = "<group>"; };
		7264A62811F83C3F0093FD0C /* NSString+Search.h */ = {isa = PBXFileReference; fileEncoding = 4; lastKnownFileType = sourcecode.c.h; path = "NSString+Search.h"; sourceTree = "<group>"; };
		7264A62911F83C3F0093FD0C /* NSString+Search.m */ = {isa = PBXFileReference; fileEncoding = 4; lastKnownFileType = sourcecode.c.objc; path = "NSString+Search.m"; sourceTree = "<group>"; };
		7264A63111F83DC10093FD0C /* RangeObject.h */ = {isa = PBXFileReference; fileEncoding = 4; lastKnownFileType = sourcecode.c.h; path = RangeObject.h; sourceTree = "<group>"; };
		7264A63211F83DC10093FD0C /* RangeObject.m */ = {isa = PBXFileReference; fileEncoding = 4; lastKnownFileType = sourcecode.c.objc; path = RangeObject.m; sourceTree = "<group>"; };
		7272C5B511F6D3430084A45D /* BookshelfTableViewCell.h */ = {isa = PBXFileReference; fileEncoding = 4; lastKnownFileType = sourcecode.c.h; name = BookshelfTableViewCell.h; path = Bookshelf/BookshelfTableViewCell.h; sourceTree = "<group>"; };
		7272C5B611F6D3430084A45D /* BookshelfTableViewCell.m */ = {isa = PBXFileReference; fileEncoding = 4; lastKnownFileType = sourcecode.c.objc; name = BookshelfTableViewCell.m; path = Bookshelf/BookshelfTableViewCell.m; sourceTree = "<group>"; };
		7272C5B811F6D3610084A45D /* BookshelfTableViewCell.xib */ = {isa = PBXFileReference; lastKnownFileType = file.xib; name = BookshelfTableViewCell.xib; path = "Resources-iPad/BookshelfTableViewCell.xib"; sourceTree = "<group>"; };
		727D172F11E3338D007B32CD /* ImageViewController-iPhone-land.xib */ = {isa = PBXFileReference; lastKnownFileType = file.xib; name = "ImageViewController-iPhone-land.xib"; path = "Resources-iPhone/ImageViewController-iPhone-land.xib"; sourceTree = "<group>"; };
		727D173311E333E9007B32CD /* TOCViewController-iPhone-land.xib */ = {isa = PBXFileReference; lastKnownFileType = file.xib; name = "TOCViewController-iPhone-land.xib"; path = "Resources-iPhone/TOCViewController-iPhone-land.xib"; sourceTree = "<group>"; };
		727D173611E33407007B32CD /* ThumbnailViewController-iPhone-land.xib */ = {isa = PBXFileReference; lastKnownFileType = file.xib; name = "ThumbnailViewController-iPhone-land.xib"; path = "Resources-iPhone/ThumbnailViewController-iPhone-land.xib"; sourceTree = "<group>"; };
		727D173911E33448007B32CD /* BookmarkViewController-iPhone-land.xib */ = {isa = PBXFileReference; lastKnownFileType = file.xib; name = "BookmarkViewController-iPhone-land.xib"; path = "Resources-iPhone/BookmarkViewController-iPhone-land.xib"; sourceTree = "<group>"; };
		727D173C11E334DC007B32CD /* TextViewController-iPhone-land.xib */ = {isa = PBXFileReference; lastKnownFileType = file.xib; name = "TextViewController-iPhone-land.xib"; path = "Resources-iPhone/TextViewController-iPhone-land.xib"; sourceTree = "<group>"; };
		7295944111D2124A00C4B72F /* QuartzCore.framework */ = {isa = PBXFileReference; lastKnownFileType = wrapper.framework; name = QuartzCore.framework; path = System/Library/Frameworks/QuartzCore.framework; sourceTree = SDKROOT; };
		729E794D12066DF900D98CA1 /* UITouchAwareWindow.h */ = {isa = PBXFileReference; fileEncoding = 4; lastKnownFileType = sourcecode.c.h; path = UITouchAwareWindow.h; sourceTree = "<group>"; };
		729E794E12066DF900D98CA1 /* UITouchAwareWindow.m */ = {isa = PBXFileReference; fileEncoding = 4; lastKnownFileType = sourcecode.c.objc; path = UITouchAwareWindow.m; sourceTree = "<group>"; };
		72A2588211F028F40091AC3F /* BrowserViewController-iPad.xib */ = {isa = PBXFileReference; lastKnownFileType = file.xib; name = "BrowserViewController-iPad.xib"; path = "Resources-iPad/BrowserViewController-iPad.xib"; sourceTree = "<group>"; };
		72AD852012096D9800C18C38 /* MediaPlayer.framework */ = {isa = PBXFileReference; lastKnownFileType = wrapper.framework; name = MediaPlayer.framework; path = System/Library/Frameworks/MediaPlayer.framework; sourceTree = SDKROOT; };
		72B01A4411F59F630041346E /* BookshelfViewController-iPhone.xib */ = {isa = PBXFileReference; lastKnownFileType = file.xib; name = "BookshelfViewController-iPhone.xib"; path = "Resources-iPhone/BookshelfViewController-iPhone.xib"; sourceTree = "<group>"; };
		72C77E6E11D9FD3A00316C0D /* OpenGLES.framework */ = {isa = PBXFileReference; lastKnownFileType = wrapper.framework; name = OpenGLES.framework; path = System/Library/Frameworks/OpenGLES.framework; sourceTree = SDKROOT; };
		72C8256411F5AEE900F75566 /* BookshelfViewController-iPad.xib */ = {isa = PBXFileReference; lastKnownFileType = file.xib; name = "BookshelfViewController-iPad.xib"; path = "Resources-iPad/BookshelfViewController-iPad.xib"; sourceTree = "<group>"; };
		72C8256611F5AF1B00F75566 /* BookshelfViewController.h */ = {isa = PBXFileReference; fileEncoding = 4; lastKnownFileType = sourcecode.c.h; name = BookshelfViewController.h; path = Bookshelf/BookshelfViewController.h; sourceTree = "<group>"; };
		72C8256711F5AF1B00F75566 /* BookshelfViewController.m */ = {isa = PBXFileReference; fileEncoding = 4; lastKnownFileType = sourcecode.c.objc; name = BookshelfViewController.m; path = Bookshelf/BookshelfViewController.m; sourceTree = "<group>"; };
		72C8256911F5AF4500F75566 /* BrowserViewController.h */ = {isa = PBXFileReference; fileEncoding = 4; lastKnownFileType = sourcecode.c.h; name = BrowserViewController.h; path = Browser/BrowserViewController.h; sourceTree = "<group>"; };
		72C8256A11F5AF4500F75566 /* BrowserViewController.m */ = {isa = PBXFileReference; fileEncoding = 4; lastKnownFileType = sourcecode.c.objc; name = BrowserViewController.m; path = Browser/BrowserViewController.m; sourceTree = "<group>"; };
		72C8256D11F5AF6400F75566 /* DownloadManager.h */ = {isa = PBXFileReference; fileEncoding = 4; lastKnownFileType = sourcecode.c.h; name = DownloadManager.h; path = Download/DownloadManager.h; sourceTree = "<group>"; };
		72C8256E11F5AF6400F75566 /* DownloadManager.m */ = {isa = PBXFileReference; fileEncoding = 4; lastKnownFileType = sourcecode.c.objc; name = DownloadManager.m; path = Download/DownloadManager.m; sourceTree = "<group>"; };
		72C8256F11F5AF6400F75566 /* DownloadStatusObject.h */ = {isa = PBXFileReference; fileEncoding = 4; lastKnownFileType = sourcecode.c.h; name = DownloadStatusObject.h; path = Download/DownloadStatusObject.h; sourceTree = "<group>"; };
		72C8257011F5AF6400F75566 /* DownloadStatusObject.m */ = {isa = PBXFileReference; fileEncoding = 4; lastKnownFileType = sourcecode.c.objc; name = DownloadStatusObject.m; path = Download/DownloadStatusObject.m; sourceTree = "<group>"; };
		72EA041411DD887A00086541 /* HistoryObject.h */ = {isa = PBXFileReference; fileEncoding = 4; lastKnownFileType = sourcecode.c.h; path = HistoryObject.h; sourceTree = "<group>"; };
		72EA041511DD887A00086541 /* HistoryObject.m */ = {isa = PBXFileReference; fileEncoding = 4; lastKnownFileType = sourcecode.c.objc; path = HistoryObject.m; sourceTree = "<group>"; };
		72EB8C4611D48223005FFB32 /* Const.h */ = {isa = PBXFileReference; fileEncoding = 4; lastKnownFileType = sourcecode.c.h; path = Const.h; sourceTree = "<group>"; };
		72EC0D6411E2C37F006116C1 /* MainWindow-iPhone.xib */ = {isa = PBXFileReference; lastKnownFileType = file.xib; name = "MainWindow-iPhone.xib"; path = "Resources-iPhone/MainWindow-iPhone.xib"; sourceTree = "<group>"; };
		72EC0D8111E2C52F006116C1 /* MapDocViewController-iPhone.xib */ = {isa = PBXFileReference; lastKnownFileType = file.xib; name = "MapDocViewController-iPhone.xib"; path = "Resources-iPhone/MapDocViewController-iPhone.xib"; sourceTree = "<group>"; };
		72EC0D8911E2C81A006116C1 /* ImageViewController-iPhone.xib */ = {isa = PBXFileReference; lastKnownFileType = file.xib; name = "ImageViewController-iPhone.xib"; path = "Resources-iPhone/ImageViewController-iPhone.xib"; sourceTree = "<group>"; };
		72EC0DA311E2CC90006116C1 /* TOCViewController-iPhone.xib */ = {isa = PBXFileReference; lastKnownFileType = file.xib; name = "TOCViewController-iPhone.xib"; path = "Resources-iPhone/TOCViewController-iPhone.xib"; sourceTree = "<group>"; };
		72EC0DA611E2CCFE006116C1 /* ThumbnailViewController-iPhone.xib */ = {isa = PBXFileReference; lastKnownFileType = file.xib; name = "ThumbnailViewController-iPhone.xib"; path = "Resources-iPhone/ThumbnailViewController-iPhone.xib"; sourceTree = "<group>"; };
		72EC0DA911E2CEF7006116C1 /* BookmarkViewController-iPhone.xib */ = {isa = PBXFileReference; lastKnownFileType = file.xib; name = "BookmarkViewController-iPhone.xib"; path = "Resources-iPhone/BookmarkViewController-iPhone.xib"; sourceTree = "<group>"; };
		72EC0DAC11E2D009006116C1 /* TextViewController-iPhone.xib */ = {isa = PBXFileReference; lastKnownFileType = file.xib; name = "TextViewController-iPhone.xib"; path = "Resources-iPhone/TextViewController-iPhone.xib"; sourceTree = "<group>"; };
		72ECD7CC11E41BE400F872D1 /* ImageViewController-iPad-land.xib */ = {isa = PBXFileReference; lastKnownFileType = file.xib; name = "ImageViewController-iPad-land.xib"; path = "Resources-iPad/ImageViewController-iPad-land.xib"; sourceTree = "<group>"; };
		72ECD7CD11E41BE400F872D1 /* ImageViewController-iPad.xib */ = {isa = PBXFileReference; lastKnownFileType = file.xib; name = "ImageViewController-iPad.xib"; path = "Resources-iPad/ImageViewController-iPad.xib"; sourceTree = "<group>"; };
		72ECD7CE11E41BE400F872D1 /* MainWindow-iPad.xib */ = {isa = PBXFileReference; lastKnownFileType = file.xib; name = "MainWindow-iPad.xib"; path = "Resources-iPad/MainWindow-iPad.xib"; sourceTree = "<group>"; };
		72ECD7CF11E41BE400F872D1 /* MapDocViewController-iPad.xib */ = {isa = PBXFileReference; lastKnownFileType = file.xib; name = "MapDocViewController-iPad.xib"; path = "Resources-iPad/MapDocViewController-iPad.xib"; sourceTree = "<group>"; };
		72ECD7D011E41BE400F872D1 /* TextViewController-iPad-land.xib */ = {isa = PBXFileReference; lastKnownFileType = file.xib; name = "TextViewController-iPad-land.xib"; path = "Resources-iPad/TextViewController-iPad-land.xib"; sourceTree = "<group>"; };
		72ECD7D111E41BE400F872D1 /* TextViewController-iPad.xib */ = {isa = PBXFileReference; lastKnownFileType = file.xib; name = "TextViewController-iPad.xib"; path = "Resources-iPad/TextViewController-iPad.xib"; sourceTree = "<group>"; };
		72ECD7D211E41BE400F872D1 /* ThumbnailViewController-iPad-land.xib */ = {isa = PBXFileReference; lastKnownFileType = file.xib; name = "ThumbnailViewController-iPad-land.xib"; path = "Resources-iPad/ThumbnailViewController-iPad-land.xib"; sourceTree = "<group>"; };
		72ECD7D311E41BE400F872D1 /* ThumbnailViewController-iPad.xib */ = {isa = PBXFileReference; lastKnownFileType = file.xib; name = "ThumbnailViewController-iPad.xib"; path = "Resources-iPad/ThumbnailViewController-iPad.xib"; sourceTree = "<group>"; };
		72ECD7D411E41BE400F872D1 /* TOCViewController-iPad-land.xib */ = {isa = PBXFileReference; lastKnownFileType = file.xib; name = "TOCViewController-iPad-land.xib"; path = "Resources-iPad/TOCViewController-iPad-land.xib"; sourceTree = "<group>"; };
		72ECD7D511E41BE400F872D1 /* TOCViewController-iPad.xib */ = {isa = PBXFileReference; lastKnownFileType = file.xib; name = "TOCViewController-iPad.xib"; path = "Resources-iPad/TOCViewController-iPad.xib"; sourceTree = "<group>"; };
		72EF9BE711DAD5C800E8E5E7 /* ASIAuthenticationDialog.h */ = {isa = PBXFileReference; fileEncoding = 4; lastKnownFileType = sourcecode.c.h; name = ASIAuthenticationDialog.h; path = Library/ASIHTTPRequest/ASIAuthenticationDialog.h; sourceTree = "<group>"; };
		72EF9BE811DAD5C800E8E5E7 /* ASIAuthenticationDialog.m */ = {isa = PBXFileReference; fileEncoding = 4; lastKnownFileType = sourcecode.c.objc; name = ASIAuthenticationDialog.m; path = Library/ASIHTTPRequest/ASIAuthenticationDialog.m; sourceTree = "<group>"; };
		72EF9BE911DAD5C800E8E5E7 /* ASIFormDataRequest.h */ = {isa = PBXFileReference; fileEncoding = 4; lastKnownFileType = sourcecode.c.h; name = ASIFormDataRequest.h; path = Library/ASIHTTPRequest/ASIFormDataRequest.h; sourceTree = "<group>"; };
		72EF9BEA11DAD5C800E8E5E7 /* ASIFormDataRequest.m */ = {isa = PBXFileReference; fileEncoding = 4; lastKnownFileType = sourcecode.c.objc; name = ASIFormDataRequest.m; path = Library/ASIHTTPRequest/ASIFormDataRequest.m; sourceTree = "<group>"; };
		72EF9BEB11DAD5C800E8E5E7 /* ASIHTTPRequest.h */ = {isa = PBXFileReference; fileEncoding = 4; lastKnownFileType = sourcecode.c.h; name = ASIHTTPRequest.h; path = Library/ASIHTTPRequest/ASIHTTPRequest.h; sourceTree = "<group>"; };
		72EF9BEC11DAD5C800E8E5E7 /* ASIHTTPRequest.m */ = {isa = PBXFileReference; fileEncoding = 4; lastKnownFileType = sourcecode.c.objc; name = ASIHTTPRequest.m; path = Library/ASIHTTPRequest/ASIHTTPRequest.m; sourceTree = "<group>"; };
		72EF9BED11DAD5C800E8E5E7 /* ASIHTTPRequestConfig.h */ = {isa = PBXFileReference; fileEncoding = 4; lastKnownFileType = sourcecode.c.h; name = ASIHTTPRequestConfig.h; path = Library/ASIHTTPRequest/ASIHTTPRequestConfig.h; sourceTree = "<group>"; };
		72EF9BEE11DAD5C800E8E5E7 /* ASIHTTPRequestDelegate.h */ = {isa = PBXFileReference; fileEncoding = 4; lastKnownFileType = sourcecode.c.h; name = ASIHTTPRequestDelegate.h; path = Library/ASIHTTPRequest/ASIHTTPRequestDelegate.h; sourceTree = "<group>"; };
		72EF9BEF11DAD5C800E8E5E7 /* ASIInputStream.h */ = {isa = PBXFileReference; fileEncoding = 4; lastKnownFileType = sourcecode.c.h; name = ASIInputStream.h; path = Library/ASIHTTPRequest/ASIInputStream.h; sourceTree = "<group>"; };
		72EF9BF011DAD5C800E8E5E7 /* ASIInputStream.m */ = {isa = PBXFileReference; fileEncoding = 4; lastKnownFileType = sourcecode.c.objc; name = ASIInputStream.m; path = Library/ASIHTTPRequest/ASIInputStream.m; sourceTree = "<group>"; };
		72EF9BF111DAD5C800E8E5E7 /* ASINetworkQueue.h */ = {isa = PBXFileReference; fileEncoding = 4; lastKnownFileType = sourcecode.c.h; name = ASINetworkQueue.h; path = Library/ASIHTTPRequest/ASINetworkQueue.h; sourceTree = "<group>"; };
		72EF9BF211DAD5C800E8E5E7 /* ASINetworkQueue.m */ = {isa = PBXFileReference; fileEncoding = 4; lastKnownFileType = sourcecode.c.objc; name = ASINetworkQueue.m; path = Library/ASIHTTPRequest/ASINetworkQueue.m; sourceTree = "<group>"; };
		72EF9BF311DAD5C800E8E5E7 /* ASINSStringAdditions.h */ = {isa = PBXFileReference; fileEncoding = 4; lastKnownFileType = sourcecode.c.h; name = ASINSStringAdditions.h; path = Library/ASIHTTPRequest/ASINSStringAdditions.h; sourceTree = "<group>"; };
		72EF9BF411DAD5C800E8E5E7 /* ASINSStringAdditions.m */ = {isa = PBXFileReference; fileEncoding = 4; lastKnownFileType = sourcecode.c.objc; name = ASINSStringAdditions.m; path = Library/ASIHTTPRequest/ASINSStringAdditions.m; sourceTree = "<group>"; };
		72EF9BF511DAD5C800E8E5E7 /* ASIProgressDelegate.h */ = {isa = PBXFileReference; fileEncoding = 4; lastKnownFileType = sourcecode.c.h; name = ASIProgressDelegate.h; path = Library/ASIHTTPRequest/ASIProgressDelegate.h; sourceTree = "<group>"; };
		72EF9BF611DAD5C800E8E5E7 /* Reachability.h */ = {isa = PBXFileReference; fileEncoding = 4; lastKnownFileType = sourcecode.c.h; name = Reachability.h; path = Library/ASIHTTPRequest/Reachability.h; sourceTree = "<group>"; };
		72EF9BF711DAD5C800E8E5E7 /* Reachability.m */ = {isa = PBXFileReference; fileEncoding = 4; lastKnownFileType = sourcecode.c.objc; name = Reachability.m; path = Library/ASIHTTPRequest/Reachability.m; sourceTree = "<group>"; };
		72EF9C0711DAD63F00E8E5E7 /* JSON.h */ = {isa = PBXFileReference; fileEncoding = 4; lastKnownFileType = sourcecode.c.h; name = JSON.h; path = Library/JSON/JSON.h; sourceTree = "<group>"; };
		72EF9C0811DAD63F00E8E5E7 /* NSObject+SBJSON.h */ = {isa = PBXFileReference; fileEncoding = 4; lastKnownFileType = sourcecode.c.h; name = "NSObject+SBJSON.h"; path = "Library/JSON/NSObject+SBJSON.h"; sourceTree = "<group>"; };
		72EF9C0911DAD63F00E8E5E7 /* NSObject+SBJSON.m */ = {isa = PBXFileReference; fileEncoding = 4; lastKnownFileType = sourcecode.c.objc; name = "NSObject+SBJSON.m"; path = "Library/JSON/NSObject+SBJSON.m"; sourceTree = "<group>"; };
		72EF9C0A11DAD63F00E8E5E7 /* NSString+SBJSON.h */ = {isa = PBXFileReference; fileEncoding = 4; lastKnownFileType = sourcecode.c.h; name = "NSString+SBJSON.h"; path = "Library/JSON/NSString+SBJSON.h"; sourceTree = "<group>"; };
		72EF9C0B11DAD63F00E8E5E7 /* NSString+SBJSON.m */ = {isa = PBXFileReference; fileEncoding = 4; lastKnownFileType = sourcecode.c.objc; name = "NSString+SBJSON.m"; path = "Library/JSON/NSString+SBJSON.m"; sourceTree = "<group>"; };
		72EF9C0C11DAD63F00E8E5E7 /* SBJSON.h */ = {isa = PBXFileReference; fileEncoding = 4; lastKnownFileType = sourcecode.c.h; name = SBJSON.h; path = Library/JSON/SBJSON.h; sourceTree = "<group>"; };
		72EF9C0D11DAD63F00E8E5E7 /* SBJSON.m */ = {isa = PBXFileReference; fileEncoding = 4; lastKnownFileType = sourcecode.c.objc; name = SBJSON.m; path = Library/JSON/SBJSON.m; sourceTree = "<group>"; };
		72EF9C0E11DAD63F00E8E5E7 /* SBJsonBase.h */ = {isa = PBXFileReference; fileEncoding = 4; lastKnownFileType = sourcecode.c.h; name = SBJsonBase.h; path = Library/JSON/SBJsonBase.h; sourceTree = "<group>"; };
		72EF9C0F11DAD63F00E8E5E7 /* SBJsonBase.m */ = {isa = PBXFileReference; fileEncoding = 4; lastKnownFileType = sourcecode.c.objc; name = SBJsonBase.m; path = Library/JSON/SBJsonBase.m; sourceTree = "<group>"; };
		72EF9C1011DAD63F00E8E5E7 /* SBJsonParser.h */ = {isa = PBXFileReference; fileEncoding = 4; lastKnownFileType = sourcecode.c.h; name = SBJsonParser.h; path = Library/JSON/SBJsonParser.h; sourceTree = "<group>"; };
		72EF9C1111DAD63F00E8E5E7 /* SBJsonParser.m */ = {isa = PBXFileReference; fileEncoding = 4; lastKnownFileType = sourcecode.c.objc; name = SBJsonParser.m; path = Library/JSON/SBJsonParser.m; sourceTree = "<group>"; };
		72EF9C1211DAD63F00E8E5E7 /* SBJsonWriter.h */ = {isa = PBXFileReference; fileEncoding = 4; lastKnownFileType = sourcecode.c.h; name = SBJsonWriter.h; path = Library/JSON/SBJsonWriter.h; sourceTree = "<group>"; };
		72EF9C1311DAD63F00E8E5E7 /* SBJsonWriter.m */ = {isa = PBXFileReference; fileEncoding = 4; lastKnownFileType = sourcecode.c.objc; name = SBJsonWriter.m; path = Library/JSON/SBJsonWriter.m; sourceTree = "<group>"; };
		72EF9C1A11DAD68000E8E5E7 /* DataCache.h */ = {isa = PBXFileReference; fileEncoding = 4; lastKnownFileType = sourcecode.c.h; name = DataCache.h; path = Library/FlowCover/DataCache.h; sourceTree = "<group>"; };
		72EF9C1B11DAD68000E8E5E7 /* DataCache.m */ = {isa = PBXFileReference; fileEncoding = 4; lastKnownFileType = sourcecode.c.objc; name = DataCache.m; path = Library/FlowCover/DataCache.m; sourceTree = "<group>"; };
		72EF9C1C11DAD68000E8E5E7 /* FlowCoverView.h */ = {isa = PBXFileReference; fileEncoding = 4; lastKnownFileType = sourcecode.c.h; name = FlowCoverView.h; path = Library/FlowCover/FlowCoverView.h; sourceTree = "<group>"; };
		72EF9C1D11DAD68000E8E5E7 /* FlowCoverView.m */ = {isa = PBXFileReference; fileEncoding = 4; lastKnownFileType = sourcecode.c.objc; name = FlowCoverView.m; path = Library/FlowCover/FlowCoverView.m; sourceTree = "<group>"; };
		72EF9C4511DAD7FC00E8E5E7 /* ImageViewController.h */ = {isa = PBXFileReference; fileEncoding = 4; lastKnownFileType = sourcecode.c.h; name = ImageViewController.h; path = Image/ImageViewController.h; sourceTree = "<group>"; };
		72EF9C4611DAD7FC00E8E5E7 /* ImageViewController.m */ = {isa = PBXFileReference; fileEncoding = 4; lastKnownFileType = sourcecode.c.objc; name = ImageViewController.m; path = Image/ImageViewController.m; sourceTree = "<group>"; };
		72EF9C4711DAD7FC00E8E5E7 /* TiledScrollView.h */ = {isa = PBXFileReference; fileEncoding = 4; lastKnownFileType = sourcecode.c.h; name = TiledScrollView.h; path = Image/TiledScrollView.h; sourceTree = "<group>"; };
		72EF9C4811DAD7FC00E8E5E7 /* TiledScrollView.m */ = {isa = PBXFileReference; fileEncoding = 4; lastKnownFileType = sourcecode.c.objc; name = TiledScrollView.m; path = Image/TiledScrollView.m; sourceTree = "<group>"; };
		72EF9C4E11DAD84600E8E5E7 /* HTextView.h */ = {isa = PBXFileReference; fileEncoding = 4; lastKnownFileType = sourcecode.c.h; name = HTextView.h; path = Text/HTextView.h; sourceTree = "<group>"; };
		72EF9C4F11DAD84600E8E5E7 /* HTextView.m */ = {isa = PBXFileReference; fileEncoding = 4; lastKnownFileType = sourcecode.c.objc; name = HTextView.m; path = Text/HTextView.m; sourceTree = "<group>"; };
		72EF9C5011DAD84600E8E5E7 /* ITextView.h */ = {isa = PBXFileReference; fileEncoding = 4; lastKnownFileType = sourcecode.c.h; name = ITextView.h; path = Text/ITextView.h; sourceTree = "<group>"; };
		72EF9C5111DAD84600E8E5E7 /* ITextView.m */ = {isa = PBXFileReference; fileEncoding = 4; lastKnownFileType = sourcecode.c.objc; name = ITextView.m; path = Text/ITextView.m; sourceTree = "<group>"; };
		72EF9C5211DAD84600E8E5E7 /* NSString+Char.h */ = {isa = PBXFileReference; fileEncoding = 4; lastKnownFileType = sourcecode.c.h; name = "NSString+Char.h"; path = "Text/NSString+Char.h"; sourceTree = "<group>"; };
		72EF9C5311DAD84600E8E5E7 /* NSString+Char.m */ = {isa = PBXFileReference; fileEncoding = 4; lastKnownFileType = sourcecode.c.objc; name = "NSString+Char.m"; path = "Text/NSString+Char.m"; sourceTree = "<group>"; };
		72EF9C5411DAD84600E8E5E7 /* NSString+Data.h */ = {isa = PBXFileReference; fileEncoding = 4; lastKnownFileType = sourcecode.c.h; name = "NSString+Data.h"; path = "Text/NSString+Data.h"; sourceTree = "<group>"; };
		72EF9C5511DAD84600E8E5E7 /* NSString+Data.m */ = {isa = PBXFileReference; fileEncoding = 4; lastKnownFileType = sourcecode.c.objc; name = "NSString+Data.m"; path = "Text/NSString+Data.m"; sourceTree = "<group>"; };
		72EF9C5611DAD84600E8E5E7 /* RubyMarker.h */ = {isa = PBXFileReference; fileEncoding = 4; lastKnownFileType = sourcecode.c.h; name = RubyMarker.h; path = Text/RubyMarker.h; sourceTree = "<group>"; };
		72EF9C5711DAD84600E8E5E7 /* RubyMarker.m */ = {isa = PBXFileReference; fileEncoding = 4; lastKnownFileType = sourcecode.c.objc; name = RubyMarker.m; path = Text/RubyMarker.m; sourceTree = "<group>"; };
		72EF9C5811DAD84600E8E5E7 /* TextSizeMarker.h */ = {isa = PBXFileReference; fileEncoding = 4; lastKnownFileType = sourcecode.c.h; name = TextSizeMarker.h; path = Text/TextSizeMarker.h; sourceTree = "<group>"; };
		72EF9C5911DAD84600E8E5E7 /* TextSizeMarker.m */ = {isa = PBXFileReference; fileEncoding = 4; lastKnownFileType = sourcecode.c.objc; name = TextSizeMarker.m; path = Text/TextSizeMarker.m; sourceTree = "<group>"; };
		72EF9C5A11DAD84600E8E5E7 /* TextViewConfig.h */ = {isa = PBXFileReference; fileEncoding = 4; lastKnownFileType = sourcecode.c.h; name = TextViewConfig.h; path = Text/TextViewConfig.h; sourceTree = "<group>"; };
		72EF9C5B11DAD84600E8E5E7 /* TextViewConfig.m */ = {isa = PBXFileReference; fileEncoding = 4; lastKnownFileType = sourcecode.c.objc; name = TextViewConfig.m; path = Text/TextViewConfig.m; sourceTree = "<group>"; };
		72EF9C5C11DAD84600E8E5E7 /* TextViewController.h */ = {isa = PBXFileReference; fileEncoding = 4; lastKnownFileType = sourcecode.c.h; name = TextViewController.h; path = Text/TextViewController.h; sourceTree = "<group>"; };
		72EF9C5D11DAD84600E8E5E7 /* TextViewController.m */ = {isa = PBXFileReference; fileEncoding = 4; lastKnownFileType = sourcecode.c.objc; name = TextViewController.m; path = Text/TextViewController.m; sourceTree = "<group>"; };
		72EF9C5E11DAD84600E8E5E7 /* VTextView.h */ = {isa = PBXFileReference; fileEncoding = 4; lastKnownFileType = sourcecode.c.h; name = VTextView.h; path = Text/VTextView.h; sourceTree = "<group>"; };
		72EF9C5F11DAD84600E8E5E7 /* VTextView.m */ = {isa = PBXFileReference; fileEncoding = 4; lastKnownFileType = sourcecode.c.objc; name = VTextView.m; path = Text/VTextView.m; sourceTree = "<group>"; };
		72EF9C6911DAD86600E8E5E7 /* TOCObject.h */ = {isa = PBXFileReference; fileEncoding = 4; lastKnownFileType = sourcecode.c.h; name = TOCObject.h; path = TOC/TOCObject.h; sourceTree = "<group>"; };
		72EF9C6A11DAD86600E8E5E7 /* TOCObject.m */ = {isa = PBXFileReference; fileEncoding = 4; lastKnownFileType = sourcecode.c.objc; name = TOCObject.m; path = TOC/TOCObject.m; sourceTree = "<group>"; };
		72EF9C6B11DAD86600E8E5E7 /* TOCViewController.h */ = {isa = PBXFileReference; fileEncoding = 4; lastKnownFileType = sourcecode.c.h; name = TOCViewController.h; path = TOC/TOCViewController.h; sourceTree = "<group>"; };
		72EF9C6C11DAD86600E8E5E7 /* TOCViewController.m */ = {isa = PBXFileReference; fileEncoding = 4; lastKnownFileType = sourcecode.c.objc; name = TOCViewController.m; path = TOC/TOCViewController.m; sourceTree = "<group>"; };
		72EF9C6F11DAD88300E8E5E7 /* ThumbnailViewController.h */ = {isa = PBXFileReference; fileEncoding = 4; lastKnownFileType = sourcecode.c.h; name = ThumbnailViewController.h; path = Thumbnail/ThumbnailViewController.h; sourceTree = "<group>"; };
		72EF9C7011DAD88300E8E5E7 /* ThumbnailViewController.m */ = {isa = PBXFileReference; fileEncoding = 4; lastKnownFileType = sourcecode.c.objc; name = ThumbnailViewController.m; path = Thumbnail/ThumbnailViewController.m; sourceTree = "<group>"; };
		72F1DD8C11F0107E008223FB /* BrowserViewController-iPhone.xib */ = {isa = PBXFileReference; lastKnownFileType = file.xib; name = "BrowserViewController-iPhone.xib"; path = "Resources-iPhone/BrowserViewController-iPhone.xib"; sourceTree = "<group>"; };
		72F1DE0E11F0229A008223FB /* BrowserViewController-iPad-land.xib */ = {isa = PBXFileReference; lastKnownFileType = file.xib; name = "BrowserViewController-iPad-land.xib"; path = "Resources-iPad/BrowserViewController-iPad-land.xib"; sourceTree = "<group>"; };
		72F1DE1011F022BF008223FB /* BrowserViewController-iPhone-land.xib */ = {isa = PBXFileReference; lastKnownFileType = file.xib; name = "BrowserViewController-iPhone-land.xib"; path = "Resources-iPhone/BrowserViewController-iPhone-land.xib"; sourceTree = "<group>"; };
		8D1107310486CEB800E47090 /* MapDoc-Info.plist */ = {isa = PBXFileReference; fileEncoding = 4; lastKnownFileType = text.plist.xml; path = "MapDoc-Info.plist"; plistStructureDefinitionIdentifier = "com.apple.xcode.plist.structure-definition.iphone.info-plist"; sourceTree = "<group>"; };
/* End PBXFileReference section */

/* Begin PBXFrameworksBuildPhase section */
		1D60588F0D05DD3D006BFB54 /* Frameworks */ = {
			isa = PBXFrameworksBuildPhase;
			buildActionMask = 2147483647;
			files = (
				1D60589F0D05DD5A006BFB54 /* Foundation.framework in Frameworks */,
				1DF5F4E00D08C38300B7A737 /* UIKit.framework in Frameworks */,
				288765A50DF7441C002DB57D /* CoreGraphics.framework in Frameworks */,
				722A8CB011D0B57600807C6B /* CFNetwork.framework in Frameworks */,
				722A8CB211D0B57600807C6B /* MobileCoreServices.framework in Frameworks */,
				722A8CB411D0B57600807C6B /* SystemConfiguration.framework in Frameworks */,
				722A8CB611D0B57600807C6B /* libz.1.2.3.dylib in Frameworks */,
				7295944211D2124A00C4B72F /* QuartzCore.framework in Frameworks */,
				72C77E6F11D9FD3A00316C0D /* OpenGLES.framework in Frameworks */,
				72AD852112096D9800C18C38 /* MediaPlayer.framework in Frameworks */,
			);
			runOnlyForDeploymentPostprocessing = 0;
		};
/* End PBXFrameworksBuildPhase section */

/* Begin PBXGroup section */
		080E96DDFE201D6D7F000001 /* Classes */ = {
			isa = PBXGroup;
			children = (
				7214980411F54E1F00CE2D30 /* Download */,
				72F1DD5C11F00D82008223FB /* Browser */,
				72B019DF11F594800041346E /* Bookshelf */,
				728866C811DC7C3C00C017B5 /* Bookmark */,
				72479AF811DB15E7005EF63A /* Util */,
				72E8A6E411D447D600651F27 /* Image */,
				72E8A6E511D4480500651F27 /* Text */,
				72F0EA5A11D9C84A0084ED08 /* TOC */,
				72C77C5911D9DDAD00316C0D /* Thumbnail */,
				1D3623240D0F684500981E51 /* MapDocAppDelegate.h */,
				1D3623250D0F684500981E51 /* MapDocAppDelegate.m */,
				28D7ACF60DDB3853001CB0EB /* MapDocViewController.h */,
				28D7ACF70DDB3853001CB0EB /* MapDocViewController.m */,
				722A8C8911D0B4BE00807C6B /* TapDetector.h */,
				722A8C8A11D0B4BE00807C6B /* TapDetector.m */,
				72EB8C4611D48223005FFB32 /* Const.h */,
				72EA041411DD887A00086541 /* HistoryObject.h */,
				72EA041511DD887A00086541 /* HistoryObject.m */,
				7226F16911E30BC800E2B840 /* IUIViewController.h */,
				7226F16A11E30BC800E2B840 /* IUIViewController.m */,
				7264A62811F83C3F0093FD0C /* NSString+Search.h */,
				7264A62911F83C3F0093FD0C /* NSString+Search.m */,
				7264A63111F83DC10093FD0C /* RangeObject.h */,
				7264A63211F83DC10093FD0C /* RangeObject.m */,
				729E794D12066DF900D98CA1 /* UITouchAwareWindow.h */,
				729E794E12066DF900D98CA1 /* UITouchAwareWindow.m */,
			);
			path = Classes;
			sourceTree = "<group>";
		};
		19C28FACFE9D520D11CA2CBB /* Products */ = {
			isa = PBXGroup;
			children = (
				1D6058910D05DD3D006BFB54 /* docnext.app */,
			);
			name = Products;
			sourceTree = "<group>";
		};
		29B97314FDCFA39411CA2CEA /* CustomTemplate */ = {
			isa = PBXGroup;
			children = (
				080E96DDFE201D6D7F000001 /* Classes */,
				72C77C9811D9E02500316C0D /* Library */,
				29B97315FDCFA39411CA2CEA /* Other Sources */,
				29B97317FDCFA39411CA2CEA /* Resources-iPad */,
				72EC0D5F11E2C33D006116C1 /* Resources-iPhone */,
				720E7FDA120924170046DD1D /* Resources-asset */,
				29B97323FDCFA39411CA2CEA /* Frameworks */,
				19C28FACFE9D520D11CA2CBB /* Products */,
			);
			name = CustomTemplate;
			sourceTree = "<group>";
		};
		29B97315FDCFA39411CA2CEA /* Other Sources */ = {
			isa = PBXGroup;
			children = (
				8D1107310486CEB800E47090 /* MapDoc-Info.plist */,
				32CA4F630368D1EE00C91783 /* MapDoc_Prefix.pch */,
				29B97316FDCFA39411CA2CEA /* main.m */,
			);
			name = "Other Sources";
			sourceTree = "<group>";
		};
		29B97317FDCFA39411CA2CEA /* Resources-iPad */ = {
			isa = PBXGroup;
			children = (
				72ECD7CE11E41BE400F872D1 /* MainWindow-iPad.xib */,
				72ECD7CF11E41BE400F872D1 /* MapDocViewController-iPad.xib */,
				72A2588211F028F40091AC3F /* BrowserViewController-iPad.xib */,
				72F1DE0E11F0229A008223FB /* BrowserViewController-iPad-land.xib */,
				72C8256411F5AEE900F75566 /* BookshelfViewController-iPad.xib */,
				722E6DF411F5ACCE00A047AC /* BookshelfViewController-iPad-land.xib */,
				7272C5B811F6D3610084A45D /* BookshelfTableViewCell.xib */,
				723DE22E11FFD81F00344B47 /* BookshelfDeletionViewController-iPad.xib */,
				723DE23311FFD8D400344B47 /* BookshelfDeletionViewController-iPad-land.xib */,
				72ECD7CD11E41BE400F872D1 /* ImageViewController-iPad.xib */,
				72ECD7CC11E41BE400F872D1 /* ImageViewController-iPad-land.xib */,
				725151FF11F99FA500A89BA6 /* ImageSearchViewController.xib */,
				725151FE11F99FA500A89BA6 /* ImageSearchViewController-land.xib */,
				72ECD7D511E41BE400F872D1 /* TOCViewController-iPad.xib */,
				72ECD7D411E41BE400F872D1 /* TOCViewController-iPad-land.xib */,
				72ECD7D311E41BE400F872D1 /* ThumbnailViewController-iPad.xib */,
				72ECD7D211E41BE400F872D1 /* ThumbnailViewController-iPad-land.xib */,
				72105FF911E41E1300CA671C /* BookmarkViewController-iPad.xib */,
				72105FF811E41E1300CA671C /* BookmarkViewController-iPad-land.xib */,
				72ECD7D111E41BE400F872D1 /* TextViewController-iPad.xib */,
				72ECD7D011E41BE400F872D1 /* TextViewController-iPad-land.xib */,
			);
			name = "Resources-iPad";
			sourceTree = "<group>";
		};
		29B97323FDCFA39411CA2CEA /* Frameworks */ = {
			isa = PBXGroup;
			children = (
				1DF5F4DF0D08C38300B7A737 /* UIKit.framework */,
				1D30AB110D05D00D00671497 /* Foundation.framework */,
				288765A40DF7441C002DB57D /* CoreGraphics.framework */,
				722A8CAF11D0B57600807C6B /* CFNetwork.framework */,
				722A8CB111D0B57600807C6B /* MobileCoreServices.framework */,
				722A8CB311D0B57600807C6B /* SystemConfiguration.framework */,
				722A8CB511D0B57600807C6B /* libz.1.2.3.dylib */,
				7295944111D2124A00C4B72F /* QuartzCore.framework */,
				72C77E6E11D9FD3A00316C0D /* OpenGLES.framework */,
				72AD852012096D9800C18C38 /* MediaPlayer.framework */,
			);
			name = Frameworks;
			sourceTree = "<group>";
		};
		720E7FDA120924170046DD1D /* Resources-asset */ = {
			isa = PBXGroup;
			children = (
				723A4647120A51D90043327F /* image_selection_indicator.png */,
				720E804D120939F50046DD1D /* icon.png */,
				720E8041120939CB0046DD1D /* button_bookmark.png */,
				720E8042120939CB0046DD1D /* button_home.png */,
				720E8043120939CB0046DD1D /* button_search.png */,
				720E8044120939CB0046DD1D /* button_text.png */,
				720E8045120939CB0046DD1D /* button_thumbnail.png */,
				720E8046120939CB0046DD1D /* button_toc.png */,
			);
			name = "Resources-asset";
			sourceTree = "<group>";
		};
		720FB46611F965990060A032 /* Search */ = {
			isa = PBXGroup;
			children = (
				7251520211F99FE700A89BA6 /* ImageSearchViewController.h */,
				7251520311F99FE700A89BA6 /* ImageSearchViewController.m */,
				7251520411F99FE700A89BA6 /* SearchResult.h */,
				7251520511F99FE700A89BA6 /* SearchResult.m */,
			);
			name = Search;
			sourceTree = "<group>";
		};
		7214980411F54E1F00CE2D30 /* Download */ = {
			isa = PBXGroup;
			children = (
				72C8256D11F5AF6400F75566 /* DownloadManager.h */,
				72C8256E11F5AF6400F75566 /* DownloadManager.m */,
				72C8256F11F5AF6400F75566 /* DownloadStatusObject.h */,
				72C8257011F5AF6400F75566 /* DownloadStatusObject.m */,
			);
			name = Download;
			sourceTree = "<group>";
		};
		722A8C9511D0B54800807C6B /* ASIHTTPRequest */ = {
			isa = PBXGroup;
			children = (
				72EF9BE711DAD5C800E8E5E7 /* ASIAuthenticationDialog.h */,
				72EF9BE811DAD5C800E8E5E7 /* ASIAuthenticationDialog.m */,
				72EF9BE911DAD5C800E8E5E7 /* ASIFormDataRequest.h */,
				72EF9BEA11DAD5C800E8E5E7 /* ASIFormDataRequest.m */,
				72EF9BEB11DAD5C800E8E5E7 /* ASIHTTPRequest.h */,
				72EF9BEC11DAD5C800E8E5E7 /* ASIHTTPRequest.m */,
				72EF9BED11DAD5C800E8E5E7 /* ASIHTTPRequestConfig.h */,
				72EF9BEE11DAD5C800E8E5E7 /* ASIHTTPRequestDelegate.h */,
				72EF9BEF11DAD5C800E8E5E7 /* ASIInputStream.h */,
				72EF9BF011DAD5C800E8E5E7 /* ASIInputStream.m */,
				72EF9BF111DAD5C800E8E5E7 /* ASINetworkQueue.h */,
				72EF9BF211DAD5C800E8E5E7 /* ASINetworkQueue.m */,
				72EF9BF311DAD5C800E8E5E7 /* ASINSStringAdditions.h */,
				72EF9BF411DAD5C800E8E5E7 /* ASINSStringAdditions.m */,
				72EF9BF511DAD5C800E8E5E7 /* ASIProgressDelegate.h */,
				72EF9BF611DAD5C800E8E5E7 /* Reachability.h */,
				72EF9BF711DAD5C800E8E5E7 /* Reachability.m */,
			);
			name = ASIHTTPRequest;
			sourceTree = "<group>";
		};
		72364F381207F85300EA6875 /* RemoteImage */ = {
			isa = PBXGroup;
			children = (
				7235B39C1209180000D50B96 /* UIRemoteImageView.h */,
				7235B39D1209180000D50B96 /* UIRemoteImageView.m */,
				7235B399120917E700D50B96 /* RemoteImageOperation.h */,
				7235B39A120917E700D50B96 /* RemoteImageOperation.m */,
			);
			name = RemoteImage;
			sourceTree = "<group>";
		};
		72364FDE12080C5800EA6875 /* OverlayManager */ = {
			isa = PBXGroup;
			children = (
				72397E6B1202AE7000A9CF64 /* Separation */,
				7235B3911209176500D50B96 /* OverlayManager.h */,
				7235B3921209176500D50B96 /* OverlayManager.m */,
				7235B39F1209182400D50B96 /* Region.h */,
				7235B3A01209182400D50B96 /* Region.m */,
			);
			name = OverlayManager;
			sourceTree = "<group>";
		};
		72397E431202A13100A9CF64 /* VolonoiDiagram */ = {
			isa = PBXGroup;
			children = (
				7246FDB71202D0900051C2D6 /* VolonoiDiagramBuilder.h */,
				7246FDB81202D0900051C2D6 /* VolonoiDiagramBuilder.m */,
			);
			name = VolonoiDiagram;
			sourceTree = "<group>";
		};
		72397E6B1202AE7000A9CF64 /* Separation */ = {
			isa = PBXGroup;
			children = (
				7235B3A91209186D00D50B96 /* IntDoublePair.h */,
				7235B3AA1209186D00D50B96 /* IntDoublePair.m */,
				7235B3AB1209186D00D50B96 /* SeparationHolder.h */,
				7235B3AC1209186D00D50B96 /* SeparationHolder.m */,
			);
			name = Separation;
			sourceTree = "<group>";
		};
		723DE21511FFD69700344B47 /* Deletion */ = {
			isa = PBXGroup;
			children = (
				723DE2AE11FFF13A00344B47 /* BookshelfDeletionViewController.h */,
				723DE2AF11FFF13A00344B47 /* BookshelfDeletionViewController.m */,
			);
			name = Deletion;
			sourceTree = "<group>";
		};
		72479AF811DB15E7005EF63A /* Util */ = {
			isa = PBXGroup;
			children = (
				7251520811F9A00D00A89BA6 /* FileUtil.h */,
				7251520911F9A00D00A89BA6 /* FileUtil.m */,
			);
			name = Util;
			sourceTree = "<group>";
		};
		72479B3511DB1D37005EF63A /* ZipArchive */ = {
			isa = PBXGroup;
			children = (
				72479B3611DB1D41005EF63A /* minizip */,
				72479B3911DB1D4A005EF63A /* ZipArchive.h */,
				72479B3A11DB1D4A005EF63A /* ZipArchive.mm */,
			);
			name = ZipArchive;
			sourceTree = "<group>";
		};
		72479B3611DB1D41005EF63A /* minizip */ = {
			isa = PBXGroup;
			children = (
				72479B4011DB1D58005EF63A /* crypt.h */,
				72479B4111DB1D58005EF63A /* ioapi.c */,
				72479B4211DB1D58005EF63A /* ioapi.h */,
				72479B4311DB1D58005EF63A /* mztools.c */,
				72479B4411DB1D58005EF63A /* mztools.h */,
				72479B4511DB1D58005EF63A /* unzip.c */,
				72479B4611DB1D58005EF63A /* unzip.h */,
				72479B4711DB1D58005EF63A /* zip.c */,
				72479B4811DB1D58005EF63A /* zip.h */,
			);
			name = minizip;
			sourceTree = "<group>";
		};
		72562C1E11FE99B300DC4528 /* Balloon */ = {
			isa = PBXGroup;
			children = (
				723DE2B111FFF17200344B47 /* UIBalloon.h */,
				723DE2B211FFF17200344B47 /* UIBalloon.m */,
			);
			name = Balloon;
			sourceTree = "<group>";
		};
		728866C811DC7C3C00C017B5 /* Bookmark */ = {
			isa = PBXGroup;
			children = (
				72105FFF11E41E4D00CA671C /* BookmarkObject.h */,
				7210600011E41E4D00CA671C /* BookmarkObject.m */,
				7210600111E41E4D00CA671C /* BookmarkViewController.h */,
				7210600211E41E4D00CA671C /* BookmarkViewController.m */,
			);
			name = Bookmark;
			sourceTree = "<group>";
		};
		729E79A91206AF4500D98CA1 /* Marker */ = {
			isa = PBXGroup;
			children = (
				7235B3941209178D00D50B96 /* MarkerView.h */,
				7235B3951209178D00D50B96 /* MarkerView.m */,
			);
			name = Marker;
			sourceTree = "<group>";
		};
		72B019DF11F594800041346E /* Bookshelf */ = {
			isa = PBXGroup;
			children = (
				723DE21511FFD69700344B47 /* Deletion */,
				7272C5B511F6D3430084A45D /* BookshelfTableViewCell.h */,
				7272C5B611F6D3430084A45D /* BookshelfTableViewCell.m */,
				72C8256611F5AF1B00F75566 /* BookshelfViewController.h */,
				72C8256711F5AF1B00F75566 /* BookshelfViewController.m */,
			);
			name = Bookshelf;
			sourceTree = "<group>";
		};
		72C77C5911D9DDAD00316C0D /* Thumbnail */ = {
			isa = PBXGroup;
			children = (
				72EF9C6F11DAD88300E8E5E7 /* ThumbnailViewController.h */,
				72EF9C7011DAD88300E8E5E7 /* ThumbnailViewController.m */,
			);
			name = Thumbnail;
			sourceTree = "<group>";
		};
		72C77C9811D9E02500316C0D /* Library */ = {
			isa = PBXGroup;
			children = (
				72479B3511DB1D37005EF63A /* ZipArchive */,
				72EF9C2411DAD6B100E8E5E7 /* JSON */,
				72C77E4E11D9FC4800316C0D /* FlowCover */,
				722A8C9511D0B54800807C6B /* ASIHTTPRequest */,
			);
			name = Library;
			sourceTree = "<group>";
		};
		72C77E4E11D9FC4800316C0D /* FlowCover */ = {
			isa = PBXGroup;
			children = (
				72EF9C1A11DAD68000E8E5E7 /* DataCache.h */,
				72EF9C1B11DAD68000E8E5E7 /* DataCache.m */,
				72EF9C1C11DAD68000E8E5E7 /* FlowCoverView.h */,
				72EF9C1D11DAD68000E8E5E7 /* FlowCoverView.m */,
			);
			name = FlowCover;
			sourceTree = "<group>";
		};
		72E8A6E411D447D600651F27 /* Image */ = {
			isa = PBXGroup;
			children = (
				72364FDE12080C5800EA6875 /* OverlayManager */,
				72364F381207F85300EA6875 /* RemoteImage */,
				729E79A91206AF4500D98CA1 /* Marker */,
				72397E431202A13100A9CF64 /* VolonoiDiagram */,
				72562C1E11FE99B300DC4528 /* Balloon */,
				720FB46611F965990060A032 /* Search */,
				72EF9C4511DAD7FC00E8E5E7 /* ImageViewController.h */,
				72EF9C4611DAD7FC00E8E5E7 /* ImageViewController.m */,
				72EF9C4711DAD7FC00E8E5E7 /* TiledScrollView.h */,
				72EF9C4811DAD7FC00E8E5E7 /* TiledScrollView.m */,
				7235B38E1209173500D50B96 /* UIScaleButton.h */,
				7235B38F1209173500D50B96 /* UIScaleButton.m */,
				7235B398120917AD00D50B96 /* IScale.h */,
			);
			name = Image;
			sourceTree = "<group>";
		};
		72E8A6E511D4480500651F27 /* Text */ = {
			isa = PBXGroup;
			children = (
				72EF9C4E11DAD84600E8E5E7 /* HTextView.h */,
				72EF9C4F11DAD84600E8E5E7 /* HTextView.m */,
				72EF9C5011DAD84600E8E5E7 /* ITextView.h */,
				72EF9C5111DAD84600E8E5E7 /* ITextView.m */,
				72EF9C5211DAD84600E8E5E7 /* NSString+Char.h */,
				72EF9C5311DAD84600E8E5E7 /* NSString+Char.m */,
				72EF9C5411DAD84600E8E5E7 /* NSString+Data.h */,
				72EF9C5511DAD84600E8E5E7 /* NSString+Data.m */,
				72EF9C5611DAD84600E8E5E7 /* RubyMarker.h */,
				72EF9C5711DAD84600E8E5E7 /* RubyMarker.m */,
				72EF9C5811DAD84600E8E5E7 /* TextSizeMarker.h */,
				72EF9C5911DAD84600E8E5E7 /* TextSizeMarker.m */,
				72EF9C5A11DAD84600E8E5E7 /* TextViewConfig.h */,
				72EF9C5B11DAD84600E8E5E7 /* TextViewConfig.m */,
				72EF9C5C11DAD84600E8E5E7 /* TextViewController.h */,
				72EF9C5D11DAD84600E8E5E7 /* TextViewController.m */,
				72EF9C5E11DAD84600E8E5E7 /* VTextView.h */,
				72EF9C5F11DAD84600E8E5E7 /* VTextView.m */,
				7210600511E41E8000CA671C /* MarkupParser.h */,
				7210600611E41E8000CA671C /* MarkupParser.m */,
				7210600711E41E8000CA671C /* MarkupParseResult.h */,
				7210600811E41E8000CA671C /* MarkupParseResult.m */,
				7210600911E41E8000CA671C /* RubyRangeObject.h */,
				7210600A11E41E8000CA671C /* RubyRangeObject.m */,
			);
			name = Text;
			sourceTree = "<group>";
		};
		72EC0D5F11E2C33D006116C1 /* Resources-iPhone */ = {
			isa = PBXGroup;
			children = (
				72EC0D6411E2C37F006116C1 /* MainWindow-iPhone.xib */,
				72EC0D8111E2C52F006116C1 /* MapDocViewController-iPhone.xib */,
				72F1DD8C11F0107E008223FB /* BrowserViewController-iPhone.xib */,
				72F1DE1011F022BF008223FB /* BrowserViewController-iPhone-land.xib */,
				72B01A4411F59F630041346E /* BookshelfViewController-iPhone.xib */,
				722E6DF011F5AC6400A047AC /* BookshelfViewController-iPhone-land.xib */,
				723DE24411FFD96800344B47 /* BookshelfDeletionViewController-iPhone.xib */,
				723DE24D11FFDA0900344B47 /* BookshelfDeletionViewController-iPhone-land.xib */,
				72EC0D8911E2C81A006116C1 /* ImageViewController-iPhone.xib */,
				727D172F11E3338D007B32CD /* ImageViewController-iPhone-land.xib */,
				72EC0DA311E2CC90006116C1 /* TOCViewController-iPhone.xib */,
				727D173311E333E9007B32CD /* TOCViewController-iPhone-land.xib */,
				72EC0DA611E2CCFE006116C1 /* ThumbnailViewController-iPhone.xib */,
				727D173611E33407007B32CD /* ThumbnailViewController-iPhone-land.xib */,
				72EC0DA911E2CEF7006116C1 /* BookmarkViewController-iPhone.xib */,
				727D173911E33448007B32CD /* BookmarkViewController-iPhone-land.xib */,
				72EC0DAC11E2D009006116C1 /* TextViewController-iPhone.xib */,
				727D173C11E334DC007B32CD /* TextViewController-iPhone-land.xib */,
			);
			name = "Resources-iPhone";
			sourceTree = "<group>";
		};
		72EF9C2411DAD6B100E8E5E7 /* JSON */ = {
			isa = PBXGroup;
			children = (
				72EF9C0711DAD63F00E8E5E7 /* JSON.h */,
				72EF9C0811DAD63F00E8E5E7 /* NSObject+SBJSON.h */,
				72EF9C0911DAD63F00E8E5E7 /* NSObject+SBJSON.m */,
				72EF9C0A11DAD63F00E8E5E7 /* NSString+SBJSON.h */,
				72EF9C0B11DAD63F00E8E5E7 /* NSString+SBJSON.m */,
				72EF9C0C11DAD63F00E8E5E7 /* SBJSON.h */,
				72EF9C0D11DAD63F00E8E5E7 /* SBJSON.m */,
				72EF9C0E11DAD63F00E8E5E7 /* SBJsonBase.h */,
				72EF9C0F11DAD63F00E8E5E7 /* SBJsonBase.m */,
				72EF9C1011DAD63F00E8E5E7 /* SBJsonParser.h */,
				72EF9C1111DAD63F00E8E5E7 /* SBJsonParser.m */,
				72EF9C1211DAD63F00E8E5E7 /* SBJsonWriter.h */,
				72EF9C1311DAD63F00E8E5E7 /* SBJsonWriter.m */,
			);
			name = JSON;
			sourceTree = "<group>";
		};
		72F0EA5A11D9C84A0084ED08 /* TOC */ = {
			isa = PBXGroup;
			children = (
				72EF9C6911DAD86600E8E5E7 /* TOCObject.h */,
				72EF9C6A11DAD86600E8E5E7 /* TOCObject.m */,
				72EF9C6B11DAD86600E8E5E7 /* TOCViewController.h */,
				72EF9C6C11DAD86600E8E5E7 /* TOCViewController.m */,
			);
			name = TOC;
			sourceTree = "<group>";
		};
		72F1DD5C11F00D82008223FB /* Browser */ = {
			isa = PBXGroup;
			children = (
				72C8256911F5AF4500F75566 /* BrowserViewController.h */,
				72C8256A11F5AF4500F75566 /* BrowserViewController.m */,
			);
			name = Browser;
			sourceTree = "<group>";
		};
/* End PBXGroup section */

/* Begin PBXNativeTarget section */
		1D6058900D05DD3D006BFB54 /* MapDoc */ = {
			isa = PBXNativeTarget;
			buildConfigurationList = 1D6058960D05DD3E006BFB54 /* Build configuration list for PBXNativeTarget "MapDoc" */;
			buildPhases = (
				1D60588D0D05DD3D006BFB54 /* Resources */,
				1D60588E0D05DD3D006BFB54 /* Sources */,
				1D60588F0D05DD3D006BFB54 /* Frameworks */,
			);
			buildRules = (
			);
			dependencies = (
			);
			name = MapDoc;
			productName = MapDoc;
			productReference = 1D6058910D05DD3D006BFB54 /* docnext.app */;
			productType = "com.apple.product-type.application";
		};
/* End PBXNativeTarget section */

/* Begin PBXProject section */
		29B97313FDCFA39411CA2CEA /* Project object */ = {
			isa = PBXProject;
			buildConfigurationList = C01FCF4E08A954540054247B /* Build configuration list for PBXProject "MapDoc" */;
			compatibilityVersion = "Xcode 3.1";
			hasScannedForEncodings = 1;
			mainGroup = 29B97314FDCFA39411CA2CEA /* CustomTemplate */;
			projectDirPath = "";
			projectRoot = "";
			targets = (
				1D6058900D05DD3D006BFB54 /* MapDoc */,
			);
		};
/* End PBXProject section */

/* Begin PBXResourcesBuildPhase section */
		1D60588D0D05DD3D006BFB54 /* Resources */ = {
			isa = PBXResourcesBuildPhase;
			buildActionMask = 2147483647;
			files = (
				72EC0D6511E2C37F006116C1 /* MainWindow-iPhone.xib in Resources */,
				72EC0D8211E2C52F006116C1 /* MapDocViewController-iPhone.xib in Resources */,
				72EC0D8A11E2C81A006116C1 /* ImageViewController-iPhone.xib in Resources */,
				72EC0DA411E2CC90006116C1 /* TOCViewController-iPhone.xib in Resources */,
				72EC0DA711E2CCFE006116C1 /* ThumbnailViewController-iPhone.xib in Resources */,
				72EC0DAA11E2CEF7006116C1 /* BookmarkViewController-iPhone.xib in Resources */,
				72EC0DAD11E2D009006116C1 /* TextViewController-iPhone.xib in Resources */,
				727D173011E3338D007B32CD /* ImageViewController-iPhone-land.xib in Resources */,
				727D173411E333E9007B32CD /* TOCViewController-iPhone-land.xib in Resources */,
				727D173711E33407007B32CD /* ThumbnailViewController-iPhone-land.xib in Resources */,
				727D173A11E33448007B32CD /* BookmarkViewController-iPhone-land.xib in Resources */,
				727D173D11E334DC007B32CD /* TextViewController-iPhone-land.xib in Resources */,
				72ECD7D811E41BE400F872D1 /* ImageViewController-iPad-land.xib in Resources */,
				72ECD7D911E41BE400F872D1 /* ImageViewController-iPad.xib in Resources */,
				72ECD7DA11E41BE400F872D1 /* MainWindow-iPad.xib in Resources */,
				72ECD7DB11E41BE400F872D1 /* MapDocViewController-iPad.xib in Resources */,
				72ECD7DC11E41BE400F872D1 /* TextViewController-iPad-land.xib in Resources */,
				72ECD7DD11E41BE400F872D1 /* TextViewController-iPad.xib in Resources */,
				72ECD7DE11E41BE400F872D1 /* ThumbnailViewController-iPad-land.xib in Resources */,
				72ECD7DF11E41BE400F872D1 /* ThumbnailViewController-iPad.xib in Resources */,
				72ECD7E011E41BE400F872D1 /* TOCViewController-iPad-land.xib in Resources */,
				72ECD7E111E41BE400F872D1 /* TOCViewController-iPad.xib in Resources */,
				72105FFA11E41E1300CA671C /* BookmarkViewController-iPad-land.xib in Resources */,
				72105FFB11E41E1300CA671C /* BookmarkViewController-iPad.xib in Resources */,
				72F1DD8D11F0107E008223FB /* BrowserViewController-iPhone.xib in Resources */,
				72F1DE0F11F0229A008223FB /* BrowserViewController-iPad-land.xib in Resources */,
				72F1DE1111F022BF008223FB /* BrowserViewController-iPhone-land.xib in Resources */,
				72A2588311F028F40091AC3F /* BrowserViewController-iPad.xib in Resources */,
				72B01A4511F59F630041346E /* BookshelfViewController-iPhone.xib in Resources */,
				722E6DF111F5AC6400A047AC /* BookshelfViewController-iPhone-land.xib in Resources */,
				722E6DF511F5ACCE00A047AC /* BookshelfViewController-iPad-land.xib in Resources */,
				72C8256511F5AEE900F75566 /* BookshelfViewController-iPad.xib in Resources */,
				7272C5B911F6D3610084A45D /* BookshelfTableViewCell.xib in Resources */,
				7251520011F99FA500A89BA6 /* ImageSearchViewController-land.xib in Resources */,
				7251520111F99FA500A89BA6 /* ImageSearchViewController.xib in Resources */,
				723DE22F11FFD81F00344B47 /* BookshelfDeletionViewController-iPad.xib in Resources */,
				723DE23411FFD8D400344B47 /* BookshelfDeletionViewController-iPad-land.xib in Resources */,
				723DE24511FFD96800344B47 /* BookshelfDeletionViewController-iPhone.xib in Resources */,
				723DE24E11FFDA0900344B47 /* BookshelfDeletionViewController-iPhone-land.xib in Resources */,
				720E8047120939CB0046DD1D /* button_bookmark.png in Resources */,
				720E8048120939CB0046DD1D /* button_home.png in Resources */,
				720E8049120939CB0046DD1D /* button_search.png in Resources */,
				720E804A120939CB0046DD1D /* button_text.png in Resources */,
				720E804B120939CB0046DD1D /* button_thumbnail.png in Resources */,
				720E804C120939CB0046DD1D /* button_toc.png in Resources */,
				720E804E120939F50046DD1D /* icon.png in Resources */,
				723A4648120A51D90043327F /* image_selection_indicator.png in Resources */,
			);
			runOnlyForDeploymentPostprocessing = 0;
		};
/* End PBXResourcesBuildPhase section */

/* Begin PBXSourcesBuildPhase section */
		1D60588E0D05DD3D006BFB54 /* Sources */ = {
			isa = PBXSourcesBuildPhase;
			buildActionMask = 2147483647;
			files = (
				1D60589B0D05DD56006BFB54 /* main.m in Sources */,
				1D3623260D0F684500981E51 /* MapDocAppDelegate.m in Sources */,
				28D7ACF80DDB3853001CB0EB /* MapDocViewController.m in Sources */,
				722A8C8E11D0B4BE00807C6B /* TapDetector.m in Sources */,
				72EF9BF811DAD5C800E8E5E7 /* ASIAuthenticationDialog.m in Sources */,
				72EF9BF911DAD5C800E8E5E7 /* ASIFormDataRequest.m in Sources */,
				72EF9BFA11DAD5C800E8E5E7 /* ASIHTTPRequest.m in Sources */,
				72EF9BFB11DAD5C800E8E5E7 /* ASIInputStream.m in Sources */,
				72EF9BFC11DAD5C800E8E5E7 /* ASINetworkQueue.m in Sources */,
				72EF9BFD11DAD5C800E8E5E7 /* ASINSStringAdditions.m in Sources */,
				72EF9BFE11DAD5C800E8E5E7 /* Reachability.m in Sources */,
				72EF9C1411DAD63F00E8E5E7 /* NSObject+SBJSON.m in Sources */,
				72EF9C1511DAD63F00E8E5E7 /* NSString+SBJSON.m in Sources */,
				72EF9C1611DAD63F00E8E5E7 /* SBJSON.m in Sources */,
				72EF9C1711DAD63F00E8E5E7 /* SBJsonBase.m in Sources */,
				72EF9C1811DAD63F00E8E5E7 /* SBJsonParser.m in Sources */,
				72EF9C1911DAD63F00E8E5E7 /* SBJsonWriter.m in Sources */,
				72EF9C1E11DAD68000E8E5E7 /* DataCache.m in Sources */,
				72EF9C1F11DAD68000E8E5E7 /* FlowCoverView.m in Sources */,
				72EF9C4B11DAD7FC00E8E5E7 /* ImageViewController.m in Sources */,
				72EF9C4C11DAD7FC00E8E5E7 /* TiledScrollView.m in Sources */,
				72EF9C6011DAD84600E8E5E7 /* HTextView.m in Sources */,
				72EF9C6111DAD84600E8E5E7 /* ITextView.m in Sources */,
				72EF9C6211DAD84600E8E5E7 /* NSString+Char.m in Sources */,
				72EF9C6311DAD84600E8E5E7 /* NSString+Data.m in Sources */,
				72EF9C6411DAD84600E8E5E7 /* RubyMarker.m in Sources */,
				72EF9C6511DAD84600E8E5E7 /* TextSizeMarker.m in Sources */,
				72EF9C6611DAD84600E8E5E7 /* TextViewConfig.m in Sources */,
				72EF9C6711DAD84600E8E5E7 /* TextViewController.m in Sources */,
				72EF9C6811DAD84600E8E5E7 /* VTextView.m in Sources */,
				72EF9C6D11DAD86600E8E5E7 /* TOCObject.m in Sources */,
				72EF9C6E11DAD86600E8E5E7 /* TOCViewController.m in Sources */,
				72EF9C7111DAD88300E8E5E7 /* ThumbnailViewController.m in Sources */,
				72479B3B11DB1D4A005EF63A /* ZipArchive.mm in Sources */,
				72479B4911DB1D58005EF63A /* ioapi.c in Sources */,
				72479B4A11DB1D58005EF63A /* mztools.c in Sources */,
				72479B4B11DB1D58005EF63A /* unzip.c in Sources */,
				72479B4C11DB1D58005EF63A /* zip.c in Sources */,
				72EA041611DD887A00086541 /* HistoryObject.m in Sources */,
				7226F16B11E30BC800E2B840 /* IUIViewController.m in Sources */,
				7210600311E41E4D00CA671C /* BookmarkObject.m in Sources */,
				7210600411E41E4D00CA671C /* BookmarkViewController.m in Sources */,
				7210600B11E41E8000CA671C /* MarkupParser.m in Sources */,
				7210600C11E41E8000CA671C /* MarkupParseResult.m in Sources */,
				7210600D11E41E8000CA671C /* RubyRangeObject.m in Sources */,
				72C8256811F5AF1B00F75566 /* BookshelfViewController.m in Sources */,
				72C8256B11F5AF4500F75566 /* BrowserViewController.m in Sources */,
				72C8257111F5AF6400F75566 /* DownloadManager.m in Sources */,
				72C8257211F5AF6400F75566 /* DownloadStatusObject.m in Sources */,
				7272C5B711F6D3430084A45D /* BookshelfTableViewCell.m in Sources */,
				7264A62A11F83C3F0093FD0C /* NSString+Search.m in Sources */,
				7264A63311F83DC10093FD0C /* RangeObject.m in Sources */,
				7251520611F99FE700A89BA6 /* ImageSearchViewController.m in Sources */,
				7251520711F99FE700A89BA6 /* SearchResult.m in Sources */,
				7251520A11F9A00D00A89BA6 /* FileUtil.m in Sources */,
				723DE2B011FFF13A00344B47 /* BookshelfDeletionViewController.m in Sources */,
				723DE2B311FFF17200344B47 /* UIBalloon.m in Sources */,
				7246FDB91202D0900051C2D6 /* VolonoiDiagramBuilder.m in Sources */,
				729E794F12066DF900D98CA1 /* UITouchAwareWindow.m in Sources */,
				7235B3901209173500D50B96 /* UIScaleButton.m in Sources */,
				7235B3931209176500D50B96 /* OverlayManager.m in Sources */,
				7235B3961209178D00D50B96 /* MarkerView.m in Sources */,
				7235B39B120917E700D50B96 /* RemoteImageOperation.m in Sources */,
				7235B39E1209180000D50B96 /* UIRemoteImageView.m in Sources */,
				7235B3A11209182400D50B96 /* Region.m in Sources */,
				7235B3AD1209186D00D50B96 /* IntDoublePair.m in Sources */,
				7235B3AE1209186D00D50B96 /* SeparationHolder.m in Sources */,
			);
			runOnlyForDeploymentPostprocessing = 0;
		};
/* End PBXSourcesBuildPhase section */

/* Begin XCBuildConfiguration section */
		1D6058940D05DD3E006BFB54 /* Debug */ = {
			isa = XCBuildConfiguration;
			buildSettings = {
				ALWAYS_SEARCH_USER_PATHS = NO;
				ARCHS = "$(ARCHS_STANDARD_32_BIT)";
				"ARCHS[sdk=iphoneos*]" = "$(ARCHS_STANDARD_32_BIT)";
				"ARCHS[sdk=iphonesimulator*]" = "$(ARCHS_STANDARD_32_BIT)";
				COPY_PHASE_STRIP = NO;
				GCC_DYNAMIC_NO_PIC = NO;
				GCC_OPTIMIZATION_LEVEL = 0;
				GCC_PRECOMPILE_PREFIX_HEADER = YES;
				GCC_PREFIX_HEADER = MapDoc_Prefix.pch;
				INFOPLIST_FILE = "MapDoc-Info.plist";
				ONLY_ACTIVE_ARCH = NO;
				PRODUCT_NAME = docnext;
				VALID_ARCHS = "armv6 armv7";
			};
			name = Debug;
		};
		1D6058950D05DD3E006BFB54 /* Release */ = {
			isa = XCBuildConfiguration;
			buildSettings = {
				ALWAYS_SEARCH_USER_PATHS = NO;
				ARCHS = "$(ARCHS_STANDARD_32_BIT)";
				"ARCHS[sdk=iphoneos*]" = "$(ARCHS_STANDARD_32_BIT)";
				"ARCHS[sdk=iphonesimulator*]" = "$(ARCHS_STANDARD_32_BIT)";
				COPY_PHASE_STRIP = YES;
				GCC_PRECOMPILE_PREFIX_HEADER = YES;
				GCC_PREFIX_HEADER = MapDoc_Prefix.pch;
				INFOPLIST_FILE = "MapDoc-Info.plist";
				ONLY_ACTIVE_ARCH = NO;
				PRODUCT_NAME = MapDoc;
				VALIDATE_PRODUCT = YES;
				VALID_ARCHS = "armv6 armv7";
			};
			name = Release;
		};
		C01FCF4F08A954540054247B /* Debug */ = {
			isa = XCBuildConfiguration;
			buildSettings = {
				ARCHS = "$(ARCHS_STANDARD_32_BIT)";
				"ARCHS[sdk=*]" = "$(ARCHS_STANDARD_32_BIT)";
				"ARCHS[sdk=iphoneos*]" = "$(ARCHS_STANDARD_32_BIT)";
				"CODE_SIGN_IDENTITY[sdk=iphoneos*]" = "iPhone Developer: yuji noguchi (4QDW9RSP3G)";
				GCC_C_LANGUAGE_STANDARD = c99;
				GCC_WARN_ABOUT_RETURN_TYPE = YES;
				GCC_WARN_UNUSED_VARIABLE = YES;
				IPHONEOS_DEPLOYMENT_TARGET = 3.2;
				PREBINDING = NO;
				"PROVISIONING_PROFILE[sdk=iphoneos*]" = "6263CF7C-BA74-4462-B06B-A0506AA6C546";
				SDKROOT = iphoneos4.0;
				TARGETED_DEVICE_FAMILY = "1,2";
				VALID_ARCHS = armv7;
			};
			name = Debug;
		};
		C01FCF5008A954540054247B /* Release */ = {
			isa = XCBuildConfiguration;
			buildSettings = {
				ARCHS = "$(ARCHS_STANDARD_32_BIT)";
				"ARCHS[sdk=*]" = "$(ARCHS_STANDARD_32_BIT)";
				"ARCHS[sdk=iphoneos*]" = "$(ARCHS_STANDARD_32_BIT)";
				"CODE_SIGN_IDENTITY[sdk=iphoneos*]" = "iPhone Developer";
				GCC_C_LANGUAGE_STANDARD = c99;
				GCC_WARN_ABOUT_RETURN_TYPE = YES;
				GCC_WARN_UNUSED_VARIABLE = YES;
				IPHONEOS_DEPLOYMENT_TARGET = 3.2;
				OTHER_CFLAGS = "-DNS_BLOCK_ASSERTIONS=1";
				PREBINDING = NO;
				SDKROOT = iphoneos3.2;
				TARGETED_DEVICE_FAMILY = "1,2";
				VALID_ARCHS = armv7;
			};
			name = Release;
		};
/* End XCBuildConfiguration section */

/* Begin XCConfigurationList section */
		1D6058960D05DD3E006BFB54 /* Build configuration list for PBXNativeTarget "MapDoc" */ = {
			isa = XCConfigurationList;
			buildConfigurations = (
				1D6058940D05DD3E006BFB54 /* Debug */,
				1D6058950D05DD3E006BFB54 /* Release */,
			);
			defaultConfigurationIsVisible = 0;
			defaultConfigurationName = Release;
		};
		C01FCF4E08A954540054247B /* Build configuration list for PBXProject "MapDoc" */ = {
			isa = XCConfigurationList;
			buildConfigurations = (
				C01FCF4F08A954540054247B /* Debug */,
				C01FCF5008A954540054247B /* Release */,
			);
			defaultConfigurationIsVisible = 0;
			defaultConfigurationName = Release;
		};
/* End XCConfigurationList section */
	};
	rootObject = 29B97313FDCFA39411CA2CEA /* Project object */;
}
